{"format_version":"1.2","terraform_version":"1.6.2","variables":{"amis":{"value":{"ap-northeast-1":"ami-0bf6f5f209e5e041a","ap-northeast-2":"ami-03ae1c65102605f45","ap-south-1":"ami-0cb6afbddc63fc2df","ap-southeast-1":"ami-0d506839070dc244b","ap-southeast-2":"ami-085848fd4435c94ec","ca-central-1":"ami-01b36924502c16d0a","eu-central-1":"ami-018420f426fa235e6","eu-north-1":"ami-0d787e8fe2b42f20c","eu-west-1":"ami-0123a5183598a0ac4","eu-west-2":"ami-005192895e65f27d0","eu-west-3":"ami-00a1b0be594a38046","me-south-1":"ami-085f10932087a3c29","sa-east-1":"ami-0f8a6a6d76d7870b8","us-east-1":"ami-0c027d6d0a8882303","us-east-2":"ami-0a8ba019bc9d4bd64","us-west-1":"ami-03d44b77bad14081c","us-west-2":"ami-0247e06438c49143e"}},"availability_zones":{"value":["a","b","c"]},"base_domain":{"value":"apoti.tech"},"bootstrap":{"value":{"instance_type":"i3.large"}},"cluster_name":{"value":"apoti_cluster"},"control_plane":{"value":{"instance_type":"m4.large"}},"openshift_version":{"value":"4.2"},"region":{"value":"us-east-1"},"tags":{"value":{}},"vpc_cidr_block":{"value":"10.0.0.0/16"},"worker":{"value":{"instance_type":"m4.large"}}},"planned_values":{"root_module":{"resources":[{"address":"aws_key_pair.ocp4_installer_aws","mode":"managed","type":"aws_key_pair","name":"ocp4_installer_aws","provider_name":"registry.terraform.io/hashicorp/aws","schema_version":1,"values":{"tags":null},"sensitive_values":{"tags_all":{}}},{"address":"random_string.random","mode":"managed","type":"random_string","name":"random","provider_name":"registry.terraform.io/hashicorp/random","schema_version":2,"values":{"keepers":null,"length":4,"lower":true,"min_lower":0,"min_numeric":0,"min_special":0,"min_upper":0,"number":true,"numeric":true,"override_special":null,"special":false,"upper":false},"sensitive_values":{}},{"address":"tls_private_key.ocp4_installer","mode":"managed","type":"tls_private_key","name":"ocp4_installer","provider_name":"registry.terraform.io/hashicorp/tls","schema_version":1,"values":{"algorithm":"RSA","ecdsa_curve":"P224","rsa_bits":2048},"sensitive_values":{}}],"child_modules":[{"resources":[{"address":"module.bootstrap.aws_instance.bootstrap","mode":"managed","type":"aws_instance","name":"bootstrap","provider_name":"registry.terraform.io/hashicorp/aws","schema_version":1,"values":{"ami":"ami-0c027d6d0a8882303","credit_specification":[],"get_password_data":false,"hibernation":null,"instance_type":"i3.large","launch_template":[],"source_dest_check":true,"tags":null,"timeouts":null,"user_data_replace_on_change":false,"volume_tags":null},"sensitive_values":{"capacity_reservation_specification":[],"cpu_options":[],"credit_specification":[],"ebs_block_device":[],"enclave_options":[],"ephemeral_block_device":[],"instance_market_options":[],"ipv6_addresses":[],"launch_template":[],"maintenance_options":[],"metadata_options":[],"network_interface":[],"private_dns_name_options":[],"root_block_device":[],"secondary_private_ips":[],"security_groups":[],"tags_all":{},"vpc_security_group_ids":[]}},{"address":"module.bootstrap.aws_s3_bucket.ignition_config","mode":"managed","type":"aws_s3_bucket","name":"ignition_config","provider_name":"registry.terraform.io/hashicorp/aws","schema_version":0,"values":{"force_destroy":false,"timeouts":null},"sensitive_values":{"cors_rule":[],"grant":[],"lifecycle_rule":[],"logging":[],"object_lock_configuration":[],"replication_configuration":[],"server_side_encryption_configuration":[],"tags":{},"tags_all":{},"versioning":[],"website":[]}},{"address":"module.bootstrap.local_file.install_config","mode":"managed","type":"local_file","name":"install_config","provider_name":"registry.terraform.io/hashicorp/local","schema_version":0,"values":{"content_base64":null,"directory_permission":"0777","file_permission":"0777","filename":"bootstrap/installer_files/install-config.yaml","sensitive_content":null,"source":null},"sensitive_values":{}},{"address":"module.bootstrap.null_resource.installer_folder","mode":"managed","type":"null_resource","name":"installer_folder","provider_name":"registry.terraform.io/hashicorp/null","schema_version":0,"values":{"triggers":null},"sensitive_values":{}},{"address":"module.bootstrap.null_resource.ocp_client","mode":"managed","type":"null_resource","name":"ocp_client","provider_name":"registry.terraform.io/hashicorp/null","schema_version":0,"values":{"triggers":null},"sensitive_values":{}},{"address":"module.bootstrap.null_resource.ocp_installer","mode":"managed","type":"null_resource","name":"ocp_installer","provider_name":"registry.terraform.io/hashicorp/null","schema_version":0,"values":{"triggers":null},"sensitive_values":{}}],"address":"module.bootstrap"},{"resources":[{"address":"module.vpc.aws_eip.nat_eip[\"a\"]","mode":"managed","type":"aws_eip","name":"nat_eip","index":"a","provider_name":"registry.terraform.io/hashicorp/aws","schema_version":0,"values":{"address":null,"associate_with_private_ip":null,"customer_owned_ipv4_pool":null,"timeouts":null,"vpc":true},"sensitive_values":{"tags":{},"tags_all":{}}},{"address":"module.vpc.aws_eip.nat_eip[\"b\"]","mode":"managed","type":"aws_eip","name":"nat_eip","index":"b","provider_name":"registry.terraform.io/hashicorp/aws","schema_version":0,"values":{"address":null,"associate_with_private_ip":null,"customer_owned_ipv4_pool":null,"timeouts":null,"vpc":true},"sensitive_values":{"tags":{},"tags_all":{}}},{"address":"module.vpc.aws_eip.nat_eip[\"c\"]","mode":"managed","type":"aws_eip","name":"nat_eip","index":"c","provider_name":"registry.terraform.io/hashicorp/aws","schema_version":0,"values":{"address":null,"associate_with_private_ip":null,"customer_owned_ipv4_pool":null,"timeouts":null,"vpc":true},"sensitive_values":{"tags":{},"tags_all":{}}},{"address":"module.vpc.aws_internet_gateway.cluster_igw","mode":"managed","type":"aws_internet_gateway","name":"cluster_igw","provider_name":"registry.terraform.io/hashicorp/aws","schema_version":0,"values":{"timeouts":null},"sensitive_values":{"tags":{},"tags_all":{}}},{"address":"module.vpc.aws_lb.external_api","mode":"managed","type":"aws_lb","name":"external_api","provider_name":"registry.terraform.io/hashicorp/aws","schema_version":0,"values":{"access_logs":[],"connection_logs":[],"customer_owned_ipv4_pool":null,"desync_mitigation_mode":null,"dns_record_client_routing_policy":"any_availability_zone","drop_invalid_header_fields":null,"enable_cross_zone_load_balancing":true,"enable_deletion_protection":false,"enable_http2":null,"enable_tls_version_and_cipher_suite_headers":null,"enable_waf_fail_open":null,"enable_xff_client_port":null,"idle_timeout":null,"internal":false,"load_balancer_type":"network","preserve_host_header":null,"timeouts":null,"xff_header_processing_mode":null},"sensitive_values":{"access_logs":[],"connection_logs":[],"security_groups":[],"subnet_mapping":[],"subnets":[],"tags":{},"tags_all":{}}},{"address":"module.vpc.aws_lb.internal_api","mode":"managed","type":"aws_lb","name":"internal_api","provider_name":"registry.terraform.io/hashicorp/aws","schema_version":0,"values":{"access_logs":[],"connection_logs":[],"customer_owned_ipv4_pool":null,"desync_mitigation_mode":null,"dns_record_client_routing_policy":"any_availability_zone","drop_invalid_header_fields":null,"enable_cross_zone_load_balancing":true,"enable_deletion_protection":false,"enable_http2":null,"enable_tls_version_and_cipher_suite_headers":null,"enable_waf_fail_open":null,"enable_xff_client_port":null,"idle_timeout":null,"internal":true,"load_balancer_type":"network","preserve_host_header":null,"timeouts":null,"xff_header_processing_mode":null},"sensitive_values":{"access_logs":[],"connection_logs":[],"security_groups":[],"subnet_mapping":[],"subnets":[],"tags":{},"tags_all":{}}},{"address":"module.vpc.aws_lb_listener.external_api_listener","mode":"managed","type":"aws_lb_listener","name":"external_api_listener","provider_name":"registry.terraform.io/hashicorp/aws","schema_version":0,"values":{"alpn_policy":null,"certificate_arn":null,"default_action":[{"authenticate_cognito":[],"authenticate_oidc":[],"fixed_response":[],"forward":[],"redirect":[],"type":"forward"}],"port":6443,"protocol":"TCP","tags":null,"timeouts":null},"sensitive_values":{"default_action":[{"authenticate_cognito":[],"authenticate_oidc":[],"fixed_response":[],"forward":[],"redirect":[]}],"mutual_authentication":[],"tags_all":{}}},{"address":"module.vpc.aws_lb_listener.internal_api_listener","mode":"managed","type":"aws_lb_listener","name":"internal_api_listener","provider_name":"registry.terraform.io/hashicorp/aws","schema_version":0,"values":{"alpn_policy":null,"certificate_arn":null,"default_action":[{"authenticate_cognito":[],"authenticate_oidc":[],"fixed_response":[],"forward":[],"redirect":[],"type":"forward"}],"port":6443,"protocol":"TCP","tags":null,"timeouts":null},"sensitive_values":{"default_action":[{"authenticate_cognito":[],"authenticate_oidc":[],"fixed_response":[],"forward":[],"redirect":[]}],"mutual_authentication":[],"tags_all":{}}},{"address":"module.vpc.aws_lb_listener.internal_services_listener","mode":"managed","type":"aws_lb_listener","name":"internal_services_listener","provider_name":"registry.terraform.io/hashicorp/aws","schema_version":0,"values":{"alpn_policy":null,"certificate_arn":null,"default_action":[{"authenticate_cognito":[],"authenticate_oidc":[],"fixed_response":[],"forward":[],"redirect":[],"type":"forward"}],"port":22623,"protocol":"TCP","tags":null,"timeouts":null},"sensitive_values":{"default_action":[{"authenticate_cognito":[],"authenticate_oidc":[],"fixed_response":[],"forward":[],"redirect":[]}],"mutual_authentication":[],"tags_all":{}}},{"address":"module.vpc.aws_lb_target_group.external_api","mode":"managed","type":"aws_lb_target_group","name":"external_api","provider_name":"registry.terraform.io/hashicorp/aws","schema_version":0,"values":{"deregistration_delay":"300","health_check":[{"enabled":true,"healthy_threshold":3,"interval":10,"path":"/readyz","port":"6443","protocol":"HTTPS","unhealthy_threshold":3}],"lambda_multi_value_headers_enabled":false,"port":6443,"protocol":"TCP","proxy_protocol_v2":false,"slow_start":0,"target_type":"instance"},"sensitive_values":{"health_check":[{}],"load_balancer_arns":[],"stickiness":[],"tags":{},"tags_all":{},"target_failover":[],"target_health_state":[]}},{"address":"module.vpc.aws_lb_target_group.internal_api","mode":"managed","type":"aws_lb_target_group","name":"internal_api","provider_name":"registry.terraform.io/hashicorp/aws","schema_version":0,"values":{"deregistration_delay":"300","health_check":[{"enabled":true,"healthy_threshold":3,"interval":10,"path":"/readyz","port":"6443","protocol":"HTTPS","unhealthy_threshold":3}],"lambda_multi_value_headers_enabled":false,"port":6443,"protocol":"TCP","proxy_protocol_v2":false,"slow_start":0,"target_type":"instance"},"sensitive_values":{"health_check":[{}],"load_balancer_arns":[],"stickiness":[],"tags":{},"tags_all":{},"target_failover":[],"target_health_state":[]}},{"address":"module.vpc.aws_lb_target_group.internal_services","mode":"managed","type":"aws_lb_target_group","name":"internal_services","provider_name":"registry.terraform.io/hashicorp/aws","schema_version":0,"values":{"deregistration_delay":"300","health_check":[{"enabled":true,"healthy_threshold":3,"interval":10,"path":"/healthz","port":"22623","protocol":"HTTPS","unhealthy_threshold":3}],"lambda_multi_value_headers_enabled":false,"port":22623,"protocol":"TCP","proxy_protocol_v2":false,"slow_start":0,"target_type":"instance"},"sensitive_values":{"health_check":[{}],"load_balancer_arns":[],"stickiness":[],"tags":{},"tags_all":{},"target_failover":[],"target_health_state":[]}},{"address":"module.vpc.aws_main_route_table_association.public_rta","mode":"managed","type":"aws_main_route_table_association","name":"public_rta","provider_name":"registry.terraform.io/hashicorp/aws","schema_version":0,"values":{"timeouts":null},"sensitive_values":{}},{"address":"module.vpc.aws_nat_gateway.subnet_nat_gateway[\"a\"]","mode":"managed","type":"aws_nat_gateway","name":"subnet_nat_gateway","index":"a","provider_name":"registry.terraform.io/hashicorp/aws","schema_version":0,"values":{"connectivity_type":"public","secondary_allocation_ids":null,"timeouts":null},"sensitive_values":{"secondary_private_ip_addresses":[],"tags":{},"tags_all":{}}},{"address":"module.vpc.aws_nat_gateway.subnet_nat_gateway[\"b\"]","mode":"managed","type":"aws_nat_gateway","name":"subnet_nat_gateway","index":"b","provider_name":"registry.terraform.io/hashicorp/aws","schema_version":0,"values":{"connectivity_type":"public","secondary_allocation_ids":null,"timeouts":null},"sensitive_values":{"secondary_private_ip_addresses":[],"tags":{},"tags_all":{}}},{"address":"module.vpc.aws_nat_gateway.subnet_nat_gateway[\"c\"]","mode":"managed","type":"aws_nat_gateway","name":"subnet_nat_gateway","index":"c","provider_name":"registry.terraform.io/hashicorp/aws","schema_version":0,"values":{"connectivity_type":"public","secondary_allocation_ids":null,"timeouts":null},"sensitive_values":{"secondary_private_ip_addresses":[],"tags":{},"tags_all":{}}},{"address":"module.vpc.aws_route.igw_route","mode":"managed","type":"aws_route","name":"igw_route","provider_name":"registry.terraform.io/hashicorp/aws","schema_version":0,"values":{"carrier_gateway_id":null,"core_network_arn":null,"destination_cidr_block":"0.0.0.0/0","destination_ipv6_cidr_block":null,"destination_prefix_list_id":null,"egress_only_gateway_id":null,"local_gateway_id":null,"nat_gateway_id":null,"timeouts":null,"transit_gateway_id":null,"vpc_endpoint_id":null,"vpc_peering_connection_id":null},"sensitive_values":{}},{"address":"module.vpc.aws_route.nat_gateway[\"a\"]","mode":"managed","type":"aws_route","name":"nat_gateway","index":"a","provider_name":"registry.terraform.io/hashicorp/aws","schema_version":0,"values":{"carrier_gateway_id":null,"core_network_arn":null,"destination_cidr_block":"0.0.0.0/0","destination_ipv6_cidr_block":null,"destination_prefix_list_id":null,"egress_only_gateway_id":null,"gateway_id":null,"local_gateway_id":null,"timeouts":null,"transit_gateway_id":null,"vpc_endpoint_id":null,"vpc_peering_connection_id":null},"sensitive_values":{}},{"address":"module.vpc.aws_route.nat_gateway[\"b\"]","mode":"managed","type":"aws_route","name":"nat_gateway","index":"b","provider_name":"registry.terraform.io/hashicorp/aws","schema_version":0,"values":{"carrier_gateway_id":null,"core_network_arn":null,"destination_cidr_block":"0.0.0.0/0","destination_ipv6_cidr_block":null,"destination_prefix_list_id":null,"egress_only_gateway_id":null,"gateway_id":null,"local_gateway_id":null,"timeouts":null,"transit_gateway_id":null,"vpc_endpoint_id":null,"vpc_peering_connection_id":null},"sensitive_values":{}},{"address":"module.vpc.aws_route.nat_gateway[\"c\"]","mode":"managed","type":"aws_route","name":"nat_gateway","index":"c","provider_name":"registry.terraform.io/hashicorp/aws","schema_version":0,"values":{"carrier_gateway_id":null,"core_network_arn":null,"destination_cidr_block":"0.0.0.0/0","destination_ipv6_cidr_block":null,"destination_prefix_list_id":null,"egress_only_gateway_id":null,"gateway_id":null,"local_gateway_id":null,"timeouts":null,"transit_gateway_id":null,"vpc_endpoint_id":null,"vpc_peering_connection_id":null},"sensitive_values":{}},{"address":"module.vpc.aws_route_table.default","mode":"managed","type":"aws_route_table","name":"default","provider_name":"registry.terraform.io/hashicorp/aws","schema_version":0,"values":{"timeouts":null},"sensitive_values":{"propagating_vgws":[],"route":[],"tags":{},"tags_all":{}}},{"address":"module.vpc.aws_route_table.private_rt[\"a\"]","mode":"managed","type":"aws_route_table","name":"private_rt","index":"a","provider_name":"registry.terraform.io/hashicorp/aws","schema_version":0,"values":{"timeouts":null},"sensitive_values":{"propagating_vgws":[],"route":[],"tags":{},"tags_all":{}}},{"address":"module.vpc.aws_route_table.private_rt[\"b\"]","mode":"managed","type":"aws_route_table","name":"private_rt","index":"b","provider_name":"registry.terraform.io/hashicorp/aws","schema_version":0,"values":{"timeouts":null},"sensitive_values":{"propagating_vgws":[],"route":[],"tags":{},"tags_all":{}}},{"address":"module.vpc.aws_route_table.private_rt[\"c\"]","mode":"managed","type":"aws_route_table","name":"private_rt","index":"c","provider_name":"registry.terraform.io/hashicorp/aws","schema_version":0,"values":{"timeouts":null},"sensitive_values":{"propagating_vgws":[],"route":[],"tags":{},"tags_all":{}}},{"address":"module.vpc.aws_route_table_association.private_rta[\"a\"]","mode":"managed","type":"aws_route_table_association","name":"private_rta","index":"a","provider_name":"registry.terraform.io/hashicorp/aws","schema_version":0,"values":{"gateway_id":null,"timeouts":null},"sensitive_values":{}},{"address":"module.vpc.aws_route_table_association.private_rta[\"b\"]","mode":"managed","type":"aws_route_table_association","name":"private_rta","index":"b","provider_name":"registry.terraform.io/hashicorp/aws","schema_version":0,"values":{"gateway_id":null,"timeouts":null},"sensitive_values":{}},{"address":"module.vpc.aws_route_table_association.private_rta[\"c\"]","mode":"managed","type":"aws_route_table_association","name":"private_rta","index":"c","provider_name":"registry.terraform.io/hashicorp/aws","schema_version":0,"values":{"gateway_id":null,"timeouts":null},"sensitive_values":{}},{"address":"module.vpc.aws_route_table_association.public_rta_subnet[\"a\"]","mode":"managed","type":"aws_route_table_association","name":"public_rta_subnet","index":"a","provider_name":"registry.terraform.io/hashicorp/aws","schema_version":0,"values":{"gateway_id":null,"timeouts":null},"sensitive_values":{}},{"address":"module.vpc.aws_route_table_association.public_rta_subnet[\"b\"]","mode":"managed","type":"aws_route_table_association","name":"public_rta_subnet","index":"b","provider_name":"registry.terraform.io/hashicorp/aws","schema_version":0,"values":{"gateway_id":null,"timeouts":null},"sensitive_values":{}},{"address":"module.vpc.aws_route_table_association.public_rta_subnet[\"c\"]","mode":"managed","type":"aws_route_table_association","name":"public_rta_subnet","index":"c","provider_name":"registry.terraform.io/hashicorp/aws","schema_version":0,"values":{"gateway_id":null,"timeouts":null},"sensitive_values":{}},{"address":"module.vpc.aws_security_group.controlPlane_sg","mode":"managed","type":"aws_security_group","name":"controlPlane_sg","provider_name":"registry.terraform.io/hashicorp/aws","schema_version":1,"values":{"description":"Security group for handling the communication with the control plane nodes","revoke_rules_on_delete":false,"timeouts":null},"sensitive_values":{"egress":[],"ingress":[],"tags":{},"tags_all":{}}},{"address":"module.vpc.aws_security_group.worker_sg","mode":"managed","type":"aws_security_group","name":"worker_sg","provider_name":"registry.terraform.io/hashicorp/aws","schema_version":1,"values":{"description":"Security group for handling the communication with the worker nodes","revoke_rules_on_delete":false,"timeouts":null},"sensitive_values":{"egress":[],"ingress":[],"tags":{},"tags_all":{}}},{"address":"module.vpc.aws_security_group_rule.controlPlane_egress","mode":"managed","type":"aws_security_group_rule","name":"controlPlane_egress","provider_name":"registry.terraform.io/hashicorp/aws","schema_version":2,"values":{"cidr_blocks":["0.0.0.0/0"],"description":null,"from_port":0,"ipv6_cidr_blocks":null,"prefix_list_ids":null,"protocol":"-1","self":false,"timeouts":null,"to_port":0,"type":"egress"},"sensitive_values":{"cidr_blocks":[false]}},{"address":"module.vpc.aws_security_group_rule.controlPlane_ingress_HLS","mode":"managed","type":"aws_security_group_rule","name":"controlPlane_ingress_HLS","provider_name":"registry.terraform.io/hashicorp/aws","schema_version":2,"values":{"cidr_blocks":null,"description":null,"from_port":9000,"ipv6_cidr_blocks":null,"prefix_list_ids":null,"protocol":"tcp","self":true,"timeouts":null,"to_port":9999,"type":"ingress"},"sensitive_values":{}},{"address":"module.vpc.aws_security_group_rule.controlPlane_ingress_HLS_UDP","mode":"managed","type":"aws_security_group_rule","name":"controlPlane_ingress_HLS_UDP","provider_name":"registry.terraform.io/hashicorp/aws","schema_version":2,"values":{"cidr_blocks":null,"description":null,"from_port":9000,"ipv6_cidr_blocks":null,"prefix_list_ids":null,"protocol":"udp","self":true,"timeouts":null,"to_port":9999,"type":"ingress"},"sensitive_values":{}},{"address":"module.vpc.aws_security_group_rule.controlPlane_ingress_HLS_UDP_worker","mode":"managed","type":"aws_security_group_rule","name":"controlPlane_ingress_HLS_UDP_worker","provider_name":"registry.terraform.io/hashicorp/aws","schema_version":2,"values":{"cidr_blocks":null,"description":null,"from_port":9000,"ipv6_cidr_blocks":null,"prefix_list_ids":null,"protocol":"udp","self":false,"timeouts":null,"to_port":9999,"type":"ingress"},"sensitive_values":{}},{"address":"module.vpc.aws_security_group_rule.controlPlane_ingress_HLS_worker","mode":"managed","type":"aws_security_group_rule","name":"controlPlane_ingress_HLS_worker","provider_name":"registry.terraform.io/hashicorp/aws","schema_version":2,"values":{"cidr_blocks":null,"description":null,"from_port":9000,"ipv6_cidr_blocks":null,"prefix_list_ids":null,"protocol":"tcp","self":false,"timeouts":null,"to_port":9999,"type":"ingress"},"sensitive_values":{}},{"address":"module.vpc.aws_security_group_rule.controlPlane_ingress_api","mode":"managed","type":"aws_security_group_rule","name":"controlPlane_ingress_api","provider_name":"registry.terraform.io/hashicorp/aws","schema_version":2,"values":{"cidr_blocks":["10.0.0.0/16"],"description":null,"from_port":6443,"ipv6_cidr_blocks":null,"prefix_list_ids":null,"protocol":"tcp","self":false,"timeouts":null,"to_port":6443,"type":"ingress"},"sensitive_values":{"cidr_blocks":[false]}},{"address":"module.vpc.aws_security_group_rule.controlPlane_ingress_etcd","mode":"managed","type":"aws_security_group_rule","name":"controlPlane_ingress_etcd","provider_name":"registry.terraform.io/hashicorp/aws","schema_version":2,"values":{"cidr_blocks":null,"description":null,"from_port":2379,"ipv6_cidr_blocks":null,"prefix_list_ids":null,"protocol":"tcp","self":true,"timeouts":null,"to_port":2380,"type":"ingress"},"sensitive_values":{}},{"address":"module.vpc.aws_security_group_rule.controlPlane_ingress_etcd_worker","mode":"managed","type":"aws_security_group_rule","name":"controlPlane_ingress_etcd_worker","provider_name":"registry.terraform.io/hashicorp/aws","schema_version":2,"values":{"cidr_blocks":null,"description":null,"from_port":2379,"ipv6_cidr_blocks":null,"prefix_list_ids":null,"protocol":"tcp","self":false,"timeouts":null,"to_port":2380,"type":"ingress"},"sensitive_values":{}},{"address":"module.vpc.aws_security_group_rule.controlPlane_ingress_k8s","mode":"managed","type":"aws_security_group_rule","name":"controlPlane_ingress_k8s","provider_name":"registry.terraform.io/hashicorp/aws","schema_version":2,"values":{"cidr_blocks":null,"description":null,"from_port":10249,"ipv6_cidr_blocks":null,"prefix_list_ids":null,"protocol":"tcp","self":true,"timeouts":null,"to_port":10259,"type":"ingress"},"sensitive_values":{}},{"address":"module.vpc.aws_security_group_rule.controlPlane_ingress_k8s_nodePort","mode":"managed","type":"aws_security_group_rule","name":"controlPlane_ingress_k8s_nodePort","provider_name":"registry.terraform.io/hashicorp/aws","schema_version":2,"values":{"cidr_blocks":null,"description":null,"from_port":30000,"ipv6_cidr_blocks":null,"prefix_list_ids":null,"protocol":"udp","self":true,"timeouts":null,"to_port":32767,"type":"ingress"},"sensitive_values":{}},{"address":"module.vpc.aws_security_group_rule.controlPlane_ingress_k8s_nodePort_worker","mode":"managed","type":"aws_security_group_rule","name":"controlPlane_ingress_k8s_nodePort_worker","provider_name":"registry.terraform.io/hashicorp/aws","schema_version":2,"values":{"cidr_blocks":null,"description":null,"from_port":30000,"ipv6_cidr_blocks":null,"prefix_list_ids":null,"protocol":"udp","self":false,"timeouts":null,"to_port":32767,"type":"ingress"},"sensitive_values":{}},{"address":"module.vpc.aws_security_group_rule.controlPlane_ingress_k8s_worker","mode":"managed","type":"aws_security_group_rule","name":"controlPlane_ingress_k8s_worker","provider_name":"registry.terraform.io/hashicorp/aws","schema_version":2,"values":{"cidr_blocks":null,"description":null,"from_port":10249,"ipv6_cidr_blocks":null,"prefix_list_ids":null,"protocol":"tcp","self":false,"timeouts":null,"to_port":10259,"type":"ingress"},"sensitive_values":{}},{"address":"module.vpc.aws_security_group_rule.controlPlane_ingress_openshift_sdn","mode":"managed","type":"aws_security_group_rule","name":"controlPlane_ingress_openshift_sdn","provider_name":"registry.terraform.io/hashicorp/aws","schema_version":2,"values":{"cidr_blocks":null,"description":null,"from_port":10256,"ipv6_cidr_blocks":null,"prefix_list_ids":null,"protocol":"tcp","self":true,"timeouts":null,"to_port":10256,"type":"ingress"},"sensitive_values":{}},{"address":"module.vpc.aws_security_group_rule.controlPlane_ingress_openshift_sdn_worker","mode":"managed","type":"aws_security_group_rule","name":"controlPlane_ingress_openshift_sdn_worker","provider_name":"registry.terraform.io/hashicorp/aws","schema_version":2,"values":{"cidr_blocks":null,"description":null,"from_port":10256,"ipv6_cidr_blocks":null,"prefix_list_ids":null,"protocol":"tcp","self":false,"timeouts":null,"to_port":10256,"type":"ingress"},"sensitive_values":{}},{"address":"module.vpc.aws_security_group_rule.controlPlane_ingress_services","mode":"managed","type":"aws_security_group_rule","name":"controlPlane_ingress_services","provider_name":"registry.terraform.io/hashicorp/aws","schema_version":2,"values":{"cidr_blocks":["10.0.0.0/16"],"description":null,"from_port":22623,"ipv6_cidr_blocks":null,"prefix_list_ids":null,"protocol":"tcp","self":false,"timeouts":null,"to_port":22623,"type":"ingress"},"sensitive_values":{"cidr_blocks":[false]}},{"address":"module.vpc.aws_security_group_rule.controlPlane_ingress_ssh_worker","mode":"managed","type":"aws_security_group_rule","name":"controlPlane_ingress_ssh_worker","provider_name":"registry.terraform.io/hashicorp/aws","schema_version":2,"values":{"cidr_blocks":["10.0.0.0/16"],"description":null,"from_port":22,"ipv6_cidr_blocks":null,"prefix_list_ids":null,"protocol":"tcp","self":false,"timeouts":null,"to_port":22,"type":"ingress"},"sensitive_values":{"cidr_blocks":[false]}},{"address":"module.vpc.aws_security_group_rule.controlPlane_ingress_vxlan_geneve","mode":"managed","type":"aws_security_group_rule","name":"controlPlane_ingress_vxlan_geneve","provider_name":"registry.terraform.io/hashicorp/aws","schema_version":2,"values":{"cidr_blocks":null,"description":null,"from_port":4789,"ipv6_cidr_blocks":null,"prefix_list_ids":null,"protocol":"udp","self":true,"timeouts":null,"to_port":4789,"type":"ingress"},"sensitive_values":{}},{"address":"module.vpc.aws_security_group_rule.controlPlane_ingress_vxlan_geneve_2","mode":"managed","type":"aws_security_group_rule","name":"controlPlane_ingress_vxlan_geneve_2","provider_name":"registry.terraform.io/hashicorp/aws","schema_version":2,"values":{"cidr_blocks":null,"description":null,"from_port":6081,"ipv6_cidr_blocks":null,"prefix_list_ids":null,"protocol":"udp","self":true,"timeouts":null,"to_port":6081,"type":"ingress"},"sensitive_values":{}},{"address":"module.vpc.aws_security_group_rule.controlPlane_ingress_vxlan_geneve_2_worker","mode":"managed","type":"aws_security_group_rule","name":"controlPlane_ingress_vxlan_geneve_2_worker","provider_name":"registry.terraform.io/hashicorp/aws","schema_version":2,"values":{"cidr_blocks":null,"description":null,"from_port":6081,"ipv6_cidr_blocks":null,"prefix_list_ids":null,"protocol":"udp","self":false,"timeouts":null,"to_port":6081,"type":"ingress"},"sensitive_values":{}},{"address":"module.vpc.aws_security_group_rule.controlPlane_ingress_vxlan_geneve_worker","mode":"managed","type":"aws_security_group_rule","name":"controlPlane_ingress_vxlan_geneve_worker","provider_name":"registry.terraform.io/hashicorp/aws","schema_version":2,"values":{"cidr_blocks":null,"description":null,"from_port":4789,"ipv6_cidr_blocks":null,"prefix_list_ids":null,"protocol":"udp","self":false,"timeouts":null,"to_port":4789,"type":"ingress"},"sensitive_values":{}},{"address":"module.vpc.aws_security_group_rule.worker_egress","mode":"managed","type":"aws_security_group_rule","name":"worker_egress","provider_name":"registry.terraform.io/hashicorp/aws","schema_version":2,"values":{"cidr_blocks":["0.0.0.0/0"],"description":null,"from_port":0,"ipv6_cidr_blocks":null,"prefix_list_ids":null,"protocol":"-1","self":false,"timeouts":null,"to_port":0,"type":"egress"},"sensitive_values":{"cidr_blocks":[false]}},{"address":"module.vpc.aws_security_group_rule.worker_ingress_HLS","mode":"managed","type":"aws_security_group_rule","name":"worker_ingress_HLS","provider_name":"registry.terraform.io/hashicorp/aws","schema_version":2,"values":{"cidr_blocks":null,"description":null,"from_port":9000,"ipv6_cidr_blocks":null,"prefix_list_ids":null,"protocol":"tcp","self":true,"timeouts":null,"to_port":9999,"type":"ingress"},"sensitive_values":{}},{"address":"module.vpc.aws_security_group_rule.worker_ingress_HLS_UDP","mode":"managed","type":"aws_security_group_rule","name":"worker_ingress_HLS_UDP","provider_name":"registry.terraform.io/hashicorp/aws","schema_version":2,"values":{"cidr_blocks":null,"description":null,"from_port":9000,"ipv6_cidr_blocks":null,"prefix_list_ids":null,"protocol":"udp","self":true,"timeouts":null,"to_port":9999,"type":"ingress"},"sensitive_values":{}},{"address":"module.vpc.aws_security_group_rule.worker_ingress_HLS_UDP_controlPlane","mode":"managed","type":"aws_security_group_rule","name":"worker_ingress_HLS_UDP_controlPlane","provider_name":"registry.terraform.io/hashicorp/aws","schema_version":2,"values":{"cidr_blocks":null,"description":null,"from_port":9000,"ipv6_cidr_blocks":null,"prefix_list_ids":null,"protocol":"udp","self":false,"timeouts":null,"to_port":9999,"type":"ingress"},"sensitive_values":{}},{"address":"module.vpc.aws_security_group_rule.worker_ingress_HLS_controlPlane","mode":"managed","type":"aws_security_group_rule","name":"worker_ingress_HLS_controlPlane","provider_name":"registry.terraform.io/hashicorp/aws","schema_version":2,"values":{"cidr_blocks":null,"description":null,"from_port":9000,"ipv6_cidr_blocks":null,"prefix_list_ids":null,"protocol":"tcp","self":false,"timeouts":null,"to_port":9999,"type":"ingress"},"sensitive_values":{}},{"address":"module.vpc.aws_security_group_rule.worker_ingress_api","mode":"managed","type":"aws_security_group_rule","name":"worker_ingress_api","provider_name":"registry.terraform.io/hashicorp/aws","schema_version":2,"values":{"cidr_blocks":["10.0.0.0/16"],"description":null,"from_port":6443,"ipv6_cidr_blocks":null,"prefix_list_ids":null,"protocol":"tcp","self":false,"timeouts":null,"to_port":6443,"type":"ingress"},"sensitive_values":{"cidr_blocks":[false]}},{"address":"module.vpc.aws_security_group_rule.worker_ingress_etcd","mode":"managed","type":"aws_security_group_rule","name":"worker_ingress_etcd","provider_name":"registry.terraform.io/hashicorp/aws","schema_version":2,"values":{"cidr_blocks":null,"description":null,"from_port":2379,"ipv6_cidr_blocks":null,"prefix_list_ids":null,"protocol":"tcp","self":true,"timeouts":null,"to_port":2380,"type":"ingress"},"sensitive_values":{}},{"address":"module.vpc.aws_security_group_rule.worker_ingress_etcd_controlPlane","mode":"managed","type":"aws_security_group_rule","name":"worker_ingress_etcd_controlPlane","provider_name":"registry.terraform.io/hashicorp/aws","schema_version":2,"values":{"cidr_blocks":null,"description":null,"from_port":2379,"ipv6_cidr_blocks":null,"prefix_list_ids":null,"protocol":"tcp","self":false,"timeouts":null,"to_port":2380,"type":"ingress"},"sensitive_values":{}},{"address":"module.vpc.aws_security_group_rule.worker_ingress_k8s","mode":"managed","type":"aws_security_group_rule","name":"worker_ingress_k8s","provider_name":"registry.terraform.io/hashicorp/aws","schema_version":2,"values":{"cidr_blocks":null,"description":null,"from_port":10249,"ipv6_cidr_blocks":null,"prefix_list_ids":null,"protocol":"tcp","self":true,"timeouts":null,"to_port":10259,"type":"ingress"},"sensitive_values":{}},{"address":"module.vpc.aws_security_group_rule.worker_ingress_k8s_controlPlane","mode":"managed","type":"aws_security_group_rule","name":"worker_ingress_k8s_controlPlane","provider_name":"registry.terraform.io/hashicorp/aws","schema_version":2,"values":{"cidr_blocks":null,"description":null,"from_port":10249,"ipv6_cidr_blocks":null,"prefix_list_ids":null,"protocol":"tcp","self":false,"timeouts":null,"to_port":10259,"type":"ingress"},"sensitive_values":{}},{"address":"module.vpc.aws_security_group_rule.worker_ingress_k8s_nodePort","mode":"managed","type":"aws_security_group_rule","name":"worker_ingress_k8s_nodePort","provider_name":"registry.terraform.io/hashicorp/aws","schema_version":2,"values":{"cidr_blocks":null,"description":null,"from_port":30000,"ipv6_cidr_blocks":null,"prefix_list_ids":null,"protocol":"udp","self":true,"timeouts":null,"to_port":32767,"type":"ingress"},"sensitive_values":{}},{"address":"module.vpc.aws_security_group_rule.worker_ingress_k8s_nodePort_controlPlane","mode":"managed","type":"aws_security_group_rule","name":"worker_ingress_k8s_nodePort_controlPlane","provider_name":"registry.terraform.io/hashicorp/aws","schema_version":2,"values":{"cidr_blocks":null,"description":null,"from_port":30000,"ipv6_cidr_blocks":null,"prefix_list_ids":null,"protocol":"udp","self":false,"timeouts":null,"to_port":32767,"type":"ingress"},"sensitive_values":{}},{"address":"module.vpc.aws_security_group_rule.worker_ingress_openshift_sdn","mode":"managed","type":"aws_security_group_rule","name":"worker_ingress_openshift_sdn","provider_name":"registry.terraform.io/hashicorp/aws","schema_version":2,"values":{"cidr_blocks":null,"description":null,"from_port":10256,"ipv6_cidr_blocks":null,"prefix_list_ids":null,"protocol":"tcp","self":true,"timeouts":null,"to_port":10256,"type":"ingress"},"sensitive_values":{}},{"address":"module.vpc.aws_security_group_rule.worker_ingress_openshift_sdn_controlPlane","mode":"managed","type":"aws_security_group_rule","name":"worker_ingress_openshift_sdn_controlPlane","provider_name":"registry.terraform.io/hashicorp/aws","schema_version":2,"values":{"cidr_blocks":null,"description":null,"from_port":10256,"ipv6_cidr_blocks":null,"prefix_list_ids":null,"protocol":"tcp","self":false,"timeouts":null,"to_port":10256,"type":"ingress"},"sensitive_values":{}},{"address":"module.vpc.aws_security_group_rule.worker_ingress_services","mode":"managed","type":"aws_security_group_rule","name":"worker_ingress_services","provider_name":"registry.terraform.io/hashicorp/aws","schema_version":2,"values":{"cidr_blocks":["10.0.0.0/16"],"description":null,"from_port":22623,"ipv6_cidr_blocks":null,"prefix_list_ids":null,"protocol":"tcp","self":false,"timeouts":null,"to_port":22623,"type":"ingress"},"sensitive_values":{"cidr_blocks":[false]}},{"address":"module.vpc.aws_security_group_rule.worker_ingress_ssh_controlPlane","mode":"managed","type":"aws_security_group_rule","name":"worker_ingress_ssh_controlPlane","provider_name":"registry.terraform.io/hashicorp/aws","schema_version":2,"values":{"cidr_blocks":["10.0.0.0/16"],"description":null,"from_port":22,"ipv6_cidr_blocks":null,"prefix_list_ids":null,"protocol":"tcp","self":false,"timeouts":null,"to_port":22,"type":"ingress"},"sensitive_values":{"cidr_blocks":[false]}},{"address":"module.vpc.aws_security_group_rule.worker_ingress_vxlan_geneve","mode":"managed","type":"aws_security_group_rule","name":"worker_ingress_vxlan_geneve","provider_name":"registry.terraform.io/hashicorp/aws","schema_version":2,"values":{"cidr_blocks":null,"description":null,"from_port":4789,"ipv6_cidr_blocks":null,"prefix_list_ids":null,"protocol":"udp","self":true,"timeouts":null,"to_port":4789,"type":"ingress"},"sensitive_values":{}},{"address":"module.vpc.aws_security_group_rule.worker_ingress_vxlan_geneve_2","mode":"managed","type":"aws_security_group_rule","name":"worker_ingress_vxlan_geneve_2","provider_name":"registry.terraform.io/hashicorp/aws","schema_version":2,"values":{"cidr_blocks":null,"description":null,"from_port":6081,"ipv6_cidr_blocks":null,"prefix_list_ids":null,"protocol":"udp","self":true,"timeouts":null,"to_port":6081,"type":"ingress"},"sensitive_values":{}},{"address":"module.vpc.aws_security_group_rule.worker_ingress_vxlan_geneve_2_controlPlane","mode":"managed","type":"aws_security_group_rule","name":"worker_ingress_vxlan_geneve_2_controlPlane","provider_name":"registry.terraform.io/hashicorp/aws","schema_version":2,"values":{"cidr_blocks":null,"description":null,"from_port":6081,"ipv6_cidr_blocks":null,"prefix_list_ids":null,"protocol":"udp","self":false,"timeouts":null,"to_port":6081,"type":"ingress"},"sensitive_values":{}},{"address":"module.vpc.aws_security_group_rule.worker_ingress_vxlan_geneve_controlPlane","mode":"managed","type":"aws_security_group_rule","name":"worker_ingress_vxlan_geneve_controlPlane","provider_name":"registry.terraform.io/hashicorp/aws","schema_version":2,"values":{"cidr_blocks":null,"description":null,"from_port":4789,"ipv6_cidr_blocks":null,"prefix_list_ids":null,"protocol":"udp","self":false,"timeouts":null,"to_port":4789,"type":"ingress"},"sensitive_values":{}},{"address":"module.vpc.aws_subnet.private[\"a\"]","mode":"managed","type":"aws_subnet","name":"private","index":"a","provider_name":"registry.terraform.io/hashicorp/aws","schema_version":1,"values":{"assign_ipv6_address_on_creation":false,"availability_zone":"us-east-1a","cidr_block":"10.0.128.0/20","customer_owned_ipv4_pool":null,"enable_dns64":false,"enable_lni_at_device_index":null,"enable_resource_name_dns_a_record_on_launch":false,"enable_resource_name_dns_aaaa_record_on_launch":false,"ipv6_cidr_block":null,"ipv6_native":false,"map_customer_owned_ip_on_launch":null,"map_public_ip_on_launch":false,"outpost_arn":null,"timeouts":null},"sensitive_values":{"tags":{},"tags_all":{}}},{"address":"module.vpc.aws_subnet.private[\"b\"]","mode":"managed","type":"aws_subnet","name":"private","index":"b","provider_name":"registry.terraform.io/hashicorp/aws","schema_version":1,"values":{"assign_ipv6_address_on_creation":false,"availability_zone":"us-east-1b","cidr_block":"10.0.144.0/20","customer_owned_ipv4_pool":null,"enable_dns64":false,"enable_lni_at_device_index":null,"enable_resource_name_dns_a_record_on_launch":false,"enable_resource_name_dns_aaaa_record_on_launch":false,"ipv6_cidr_block":null,"ipv6_native":false,"map_customer_owned_ip_on_launch":null,"map_public_ip_on_launch":false,"outpost_arn":null,"timeouts":null},"sensitive_values":{"tags":{},"tags_all":{}}},{"address":"module.vpc.aws_subnet.private[\"c\"]","mode":"managed","type":"aws_subnet","name":"private","index":"c","provider_name":"registry.terraform.io/hashicorp/aws","schema_version":1,"values":{"assign_ipv6_address_on_creation":false,"availability_zone":"us-east-1c","cidr_block":"10.0.160.0/20","customer_owned_ipv4_pool":null,"enable_dns64":false,"enable_lni_at_device_index":null,"enable_resource_name_dns_a_record_on_launch":false,"enable_resource_name_dns_aaaa_record_on_launch":false,"ipv6_cidr_block":null,"ipv6_native":false,"map_customer_owned_ip_on_launch":null,"map_public_ip_on_launch":false,"outpost_arn":null,"timeouts":null},"sensitive_values":{"tags":{},"tags_all":{}}},{"address":"module.vpc.aws_subnet.public[\"a\"]","mode":"managed","type":"aws_subnet","name":"public","index":"a","provider_name":"registry.terraform.io/hashicorp/aws","schema_version":1,"values":{"assign_ipv6_address_on_creation":false,"availability_zone":"us-east-1a","cidr_block":"10.0.0.0/20","customer_owned_ipv4_pool":null,"enable_dns64":false,"enable_lni_at_device_index":null,"enable_resource_name_dns_a_record_on_launch":false,"enable_resource_name_dns_aaaa_record_on_launch":false,"ipv6_cidr_block":null,"ipv6_native":false,"map_customer_owned_ip_on_launch":null,"map_public_ip_on_launch":false,"outpost_arn":null,"timeouts":null},"sensitive_values":{"tags":{},"tags_all":{}}},{"address":"module.vpc.aws_subnet.public[\"b\"]","mode":"managed","type":"aws_subnet","name":"public","index":"b","provider_name":"registry.terraform.io/hashicorp/aws","schema_version":1,"values":{"assign_ipv6_address_on_creation":false,"availability_zone":"us-east-1b","cidr_block":"10.0.16.0/20","customer_owned_ipv4_pool":null,"enable_dns64":false,"enable_lni_at_device_index":null,"enable_resource_name_dns_a_record_on_launch":false,"enable_resource_name_dns_aaaa_record_on_launch":false,"ipv6_cidr_block":null,"ipv6_native":false,"map_customer_owned_ip_on_launch":null,"map_public_ip_on_launch":false,"outpost_arn":null,"timeouts":null},"sensitive_values":{"tags":{},"tags_all":{}}},{"address":"module.vpc.aws_subnet.public[\"c\"]","mode":"managed","type":"aws_subnet","name":"public","index":"c","provider_name":"registry.terraform.io/hashicorp/aws","schema_version":1,"values":{"assign_ipv6_address_on_creation":false,"availability_zone":"us-east-1c","cidr_block":"10.0.32.0/20","customer_owned_ipv4_pool":null,"enable_dns64":false,"enable_lni_at_device_index":null,"enable_resource_name_dns_a_record_on_launch":false,"enable_resource_name_dns_aaaa_record_on_launch":false,"ipv6_cidr_block":null,"ipv6_native":false,"map_customer_owned_ip_on_launch":null,"map_public_ip_on_launch":false,"outpost_arn":null,"timeouts":null},"sensitive_values":{"tags":{},"tags_all":{}}},{"address":"module.vpc.aws_vpc.vpc","mode":"managed","type":"aws_vpc","name":"vpc","provider_name":"registry.terraform.io/hashicorp/aws","schema_version":1,"values":{"assign_generated_ipv6_cidr_block":null,"cidr_block":"10.0.0.0/16","enable_dns_hostnames":true,"enable_dns_support":true,"instance_tenancy":"default","ipv4_ipam_pool_id":null,"ipv4_netmask_length":null,"ipv6_ipam_pool_id":null,"ipv6_netmask_length":null},"sensitive_values":{"tags":{},"tags_all":{}}}],"address":"module.vpc"}]}},"resource_changes":[{"address":"aws_key_pair.ocp4_installer_aws","mode":"managed","type":"aws_key_pair","name":"ocp4_installer_aws","provider_name":"registry.terraform.io/hashicorp/aws","change":{"actions":["create"],"before":null,"after":{"tags":null},"after_unknown":{"arn":true,"fingerprint":true,"id":true,"key_name":true,"key_name_prefix":true,"key_pair_id":true,"key_type":true,"public_key":true,"tags_all":true},"before_sensitive":false,"after_sensitive":{"tags_all":{}}}},{"address":"random_string.random","mode":"managed","type":"random_string","name":"random","provider_name":"registry.terraform.io/hashicorp/random","change":{"actions":["create"],"before":null,"after":{"keepers":null,"length":4,"lower":true,"min_lower":0,"min_numeric":0,"min_special":0,"min_upper":0,"number":true,"numeric":true,"override_special":null,"special":false,"upper":false},"after_unknown":{"id":true,"result":true},"before_sensitive":false,"after_sensitive":{}}},{"address":"tls_private_key.ocp4_installer","mode":"managed","type":"tls_private_key","name":"ocp4_installer","provider_name":"registry.terraform.io/hashicorp/tls","change":{"actions":["create"],"before":null,"after":{"algorithm":"RSA","ecdsa_curve":"P224","rsa_bits":2048},"after_unknown":{"id":true,"private_key_openssh":true,"private_key_pem":true,"private_key_pem_pkcs8":true,"public_key_fingerprint_md5":true,"public_key_fingerprint_sha256":true,"public_key_openssh":true,"public_key_pem":true},"before_sensitive":false,"after_sensitive":{"private_key_openssh":true,"private_key_pem":true,"private_key_pem_pkcs8":true}}},{"address":"module.bootstrap.aws_instance.bootstrap","module_address":"module.bootstrap","mode":"managed","type":"aws_instance","name":"bootstrap","provider_name":"registry.terraform.io/hashicorp/aws","change":{"actions":["create"],"before":null,"after":{"ami":"ami-0c027d6d0a8882303","credit_specification":[],"get_password_data":false,"hibernation":null,"instance_type":"i3.large","launch_template":[],"source_dest_check":true,"tags":null,"timeouts":null,"user_data_replace_on_change":false,"volume_tags":null},"after_unknown":{"arn":true,"associate_public_ip_address":true,"availability_zone":true,"capacity_reservation_specification":true,"cpu_core_count":true,"cpu_options":true,"cpu_threads_per_core":true,"credit_specification":[],"disable_api_stop":true,"disable_api_termination":true,"ebs_block_device":true,"ebs_optimized":true,"enclave_options":true,"ephemeral_block_device":true,"host_id":true,"host_resource_group_arn":true,"iam_instance_profile":true,"id":true,"instance_initiated_shutdown_behavior":true,"instance_lifecycle":true,"instance_market_options":true,"instance_state":true,"ipv6_address_count":true,"ipv6_addresses":true,"key_name":true,"launch_template":[],"maintenance_options":true,"metadata_options":true,"monitoring":true,"network_interface":true,"outpost_arn":true,"password_data":true,"placement_group":true,"placement_partition_number":true,"primary_network_interface_id":true,"private_dns":true,"private_dns_name_options":true,"private_ip":true,"public_dns":true,"public_ip":true,"root_block_device":true,"secondary_private_ips":true,"security_groups":true,"spot_instance_request_id":true,"subnet_id":true,"tags_all":true,"tenancy":true,"user_data":true,"user_data_base64":true,"vpc_security_group_ids":true},"before_sensitive":false,"after_sensitive":{"capacity_reservation_specification":[],"cpu_options":[],"credit_specification":[],"ebs_block_device":[],"enclave_options":[],"ephemeral_block_device":[],"instance_market_options":[],"ipv6_addresses":[],"launch_template":[],"maintenance_options":[],"metadata_options":[],"network_interface":[],"private_dns_name_options":[],"root_block_device":[],"secondary_private_ips":[],"security_groups":[],"tags_all":{},"vpc_security_group_ids":[]}}},{"address":"module.bootstrap.aws_s3_bucket.ignition_config","module_address":"module.bootstrap","mode":"managed","type":"aws_s3_bucket","name":"ignition_config","provider_name":"registry.terraform.io/hashicorp/aws","change":{"actions":["create"],"before":null,"after":{"force_destroy":false,"timeouts":null},"after_unknown":{"acceleration_status":true,"acl":true,"arn":true,"bucket":true,"bucket_domain_name":true,"bucket_prefix":true,"bucket_regional_domain_name":true,"cors_rule":true,"grant":true,"hosted_zone_id":true,"id":true,"lifecycle_rule":true,"logging":true,"object_lock_configuration":true,"object_lock_enabled":true,"policy":true,"region":true,"replication_configuration":true,"request_payer":true,"server_side_encryption_configuration":true,"tags":true,"tags_all":true,"versioning":true,"website":true,"website_domain":true,"website_endpoint":true},"before_sensitive":false,"after_sensitive":{"cors_rule":[],"grant":[],"lifecycle_rule":[],"logging":[],"object_lock_configuration":[],"replication_configuration":[],"server_side_encryption_configuration":[],"tags":{},"tags_all":{},"versioning":[],"website":[]}}},{"address":"module.bootstrap.local_file.install_config","module_address":"module.bootstrap","mode":"managed","type":"local_file","name":"install_config","provider_name":"registry.terraform.io/hashicorp/local","change":{"actions":["create"],"before":null,"after":{"content_base64":null,"directory_permission":"0777","file_permission":"0777","filename":"bootstrap/installer_files/install-config.yaml","sensitive_content":null,"source":null},"after_unknown":{"content":true,"content_base64sha256":true,"content_base64sha512":true,"content_md5":true,"content_sha1":true,"content_sha256":true,"content_sha512":true,"id":true},"before_sensitive":false,"after_sensitive":{"sensitive_content":true}}},{"address":"module.bootstrap.null_resource.installer_folder","module_address":"module.bootstrap","mode":"managed","type":"null_resource","name":"installer_folder","provider_name":"registry.terraform.io/hashicorp/null","change":{"actions":["create"],"before":null,"after":{"triggers":null},"after_unknown":{"id":true},"before_sensitive":false,"after_sensitive":{}}},{"address":"module.bootstrap.null_resource.ocp_client","module_address":"module.bootstrap","mode":"managed","type":"null_resource","name":"ocp_client","provider_name":"registry.terraform.io/hashicorp/null","change":{"actions":["create"],"before":null,"after":{"triggers":null},"after_unknown":{"id":true},"before_sensitive":false,"after_sensitive":{}}},{"address":"module.bootstrap.null_resource.ocp_installer","module_address":"module.bootstrap","mode":"managed","type":"null_resource","name":"ocp_installer","provider_name":"registry.terraform.io/hashicorp/null","change":{"actions":["create"],"before":null,"after":{"triggers":null},"after_unknown":{"id":true},"before_sensitive":false,"after_sensitive":{}}},{"address":"module.vpc.aws_eip.nat_eip[\"a\"]","module_address":"module.vpc","mode":"managed","type":"aws_eip","name":"nat_eip","index":"a","provider_name":"registry.terraform.io/hashicorp/aws","change":{"actions":["create"],"before":null,"after":{"address":null,"associate_with_private_ip":null,"customer_owned_ipv4_pool":null,"timeouts":null,"vpc":true},"after_unknown":{"allocation_id":true,"association_id":true,"carrier_ip":true,"customer_owned_ip":true,"domain":true,"id":true,"instance":true,"network_border_group":true,"network_interface":true,"private_dns":true,"private_ip":true,"public_dns":true,"public_ip":true,"public_ipv4_pool":true,"tags":true,"tags_all":true},"before_sensitive":false,"after_sensitive":{"tags":{},"tags_all":{}}}},{"address":"module.vpc.aws_eip.nat_eip[\"b\"]","module_address":"module.vpc","mode":"managed","type":"aws_eip","name":"nat_eip","index":"b","provider_name":"registry.terraform.io/hashicorp/aws","change":{"actions":["create"],"before":null,"after":{"address":null,"associate_with_private_ip":null,"customer_owned_ipv4_pool":null,"timeouts":null,"vpc":true},"after_unknown":{"allocation_id":true,"association_id":true,"carrier_ip":true,"customer_owned_ip":true,"domain":true,"id":true,"instance":true,"network_border_group":true,"network_interface":true,"private_dns":true,"private_ip":true,"public_dns":true,"public_ip":true,"public_ipv4_pool":true,"tags":true,"tags_all":true},"before_sensitive":false,"after_sensitive":{"tags":{},"tags_all":{}}}},{"address":"module.vpc.aws_eip.nat_eip[\"c\"]","module_address":"module.vpc","mode":"managed","type":"aws_eip","name":"nat_eip","index":"c","provider_name":"registry.terraform.io/hashicorp/aws","change":{"actions":["create"],"before":null,"after":{"address":null,"associate_with_private_ip":null,"customer_owned_ipv4_pool":null,"timeouts":null,"vpc":true},"after_unknown":{"allocation_id":true,"association_id":true,"carrier_ip":true,"customer_owned_ip":true,"domain":true,"id":true,"instance":true,"network_border_group":true,"network_interface":true,"private_dns":true,"private_ip":true,"public_dns":true,"public_ip":true,"public_ipv4_pool":true,"tags":true,"tags_all":true},"before_sensitive":false,"after_sensitive":{"tags":{},"tags_all":{}}}},{"address":"module.vpc.aws_internet_gateway.cluster_igw","module_address":"module.vpc","mode":"managed","type":"aws_internet_gateway","name":"cluster_igw","provider_name":"registry.terraform.io/hashicorp/aws","change":{"actions":["create"],"before":null,"after":{"timeouts":null},"after_unknown":{"arn":true,"id":true,"owner_id":true,"tags":true,"tags_all":true,"vpc_id":true},"before_sensitive":false,"after_sensitive":{"tags":{},"tags_all":{}}}},{"address":"module.vpc.aws_lb.external_api","module_address":"module.vpc","mode":"managed","type":"aws_lb","name":"external_api","provider_name":"registry.terraform.io/hashicorp/aws","change":{"actions":["create"],"before":null,"after":{"access_logs":[],"connection_logs":[],"customer_owned_ipv4_pool":null,"desync_mitigation_mode":null,"dns_record_client_routing_policy":"any_availability_zone","drop_invalid_header_fields":null,"enable_cross_zone_load_balancing":true,"enable_deletion_protection":false,"enable_http2":null,"enable_tls_version_and_cipher_suite_headers":null,"enable_waf_fail_open":null,"enable_xff_client_port":null,"idle_timeout":null,"internal":false,"load_balancer_type":"network","preserve_host_header":null,"timeouts":null,"xff_header_processing_mode":null},"after_unknown":{"access_logs":[],"arn":true,"arn_suffix":true,"connection_logs":[],"dns_name":true,"enforce_security_group_inbound_rules_on_private_link_traffic":true,"id":true,"ip_address_type":true,"name":true,"name_prefix":true,"security_groups":true,"subnet_mapping":true,"subnets":true,"tags":true,"tags_all":true,"vpc_id":true,"zone_id":true},"before_sensitive":false,"after_sensitive":{"access_logs":[],"connection_logs":[],"security_groups":[],"subnet_mapping":[],"subnets":[],"tags":{},"tags_all":{}}}},{"address":"module.vpc.aws_lb.internal_api","module_address":"module.vpc","mode":"managed","type":"aws_lb","name":"internal_api","provider_name":"registry.terraform.io/hashicorp/aws","change":{"actions":["create"],"before":null,"after":{"access_logs":[],"connection_logs":[],"customer_owned_ipv4_pool":null,"desync_mitigation_mode":null,"dns_record_client_routing_policy":"any_availability_zone","drop_invalid_header_fields":null,"enable_cross_zone_load_balancing":true,"enable_deletion_protection":false,"enable_http2":null,"enable_tls_version_and_cipher_suite_headers":null,"enable_waf_fail_open":null,"enable_xff_client_port":null,"idle_timeout":null,"internal":true,"load_balancer_type":"network","preserve_host_header":null,"timeouts":null,"xff_header_processing_mode":null},"after_unknown":{"access_logs":[],"arn":true,"arn_suffix":true,"connection_logs":[],"dns_name":true,"enforce_security_group_inbound_rules_on_private_link_traffic":true,"id":true,"ip_address_type":true,"name":true,"name_prefix":true,"security_groups":true,"subnet_mapping":true,"subnets":true,"tags":true,"tags_all":true,"vpc_id":true,"zone_id":true},"before_sensitive":false,"after_sensitive":{"access_logs":[],"connection_logs":[],"security_groups":[],"subnet_mapping":[],"subnets":[],"tags":{},"tags_all":{}}}},{"address":"module.vpc.aws_lb_listener.external_api_listener","module_address":"module.vpc","mode":"managed","type":"aws_lb_listener","name":"external_api_listener","provider_name":"registry.terraform.io/hashicorp/aws","change":{"actions":["create"],"before":null,"after":{"alpn_policy":null,"certificate_arn":null,"default_action":[{"authenticate_cognito":[],"authenticate_oidc":[],"fixed_response":[],"forward":[],"redirect":[],"type":"forward"}],"port":6443,"protocol":"TCP","tags":null,"timeouts":null},"after_unknown":{"arn":true,"default_action":[{"authenticate_cognito":[],"authenticate_oidc":[],"fixed_response":[],"forward":[],"order":true,"redirect":[],"target_group_arn":true}],"id":true,"load_balancer_arn":true,"mutual_authentication":true,"ssl_policy":true,"tags_all":true},"before_sensitive":false,"after_sensitive":{"default_action":[{"authenticate_cognito":[],"authenticate_oidc":[],"fixed_response":[],"forward":[],"redirect":[]}],"mutual_authentication":[],"tags_all":{}}}},{"address":"module.vpc.aws_lb_listener.internal_api_listener","module_address":"module.vpc","mode":"managed","type":"aws_lb_listener","name":"internal_api_listener","provider_name":"registry.terraform.io/hashicorp/aws","change":{"actions":["create"],"before":null,"after":{"alpn_policy":null,"certificate_arn":null,"default_action":[{"authenticate_cognito":[],"authenticate_oidc":[],"fixed_response":[],"forward":[],"redirect":[],"type":"forward"}],"port":6443,"protocol":"TCP","tags":null,"timeouts":null},"after_unknown":{"arn":true,"default_action":[{"authenticate_cognito":[],"authenticate_oidc":[],"fixed_response":[],"forward":[],"order":true,"redirect":[],"target_group_arn":true}],"id":true,"load_balancer_arn":true,"mutual_authentication":true,"ssl_policy":true,"tags_all":true},"before_sensitive":false,"after_sensitive":{"default_action":[{"authenticate_cognito":[],"authenticate_oidc":[],"fixed_response":[],"forward":[],"redirect":[]}],"mutual_authentication":[],"tags_all":{}}}},{"address":"module.vpc.aws_lb_listener.internal_services_listener","module_address":"module.vpc","mode":"managed","type":"aws_lb_listener","name":"internal_services_listener","provider_name":"registry.terraform.io/hashicorp/aws","change":{"actions":["create"],"before":null,"after":{"alpn_policy":null,"certificate_arn":null,"default_action":[{"authenticate_cognito":[],"authenticate_oidc":[],"fixed_response":[],"forward":[],"redirect":[],"type":"forward"}],"port":22623,"protocol":"TCP","tags":null,"timeouts":null},"after_unknown":{"arn":true,"default_action":[{"authenticate_cognito":[],"authenticate_oidc":[],"fixed_response":[],"forward":[],"order":true,"redirect":[],"target_group_arn":true}],"id":true,"load_balancer_arn":true,"mutual_authentication":true,"ssl_policy":true,"tags_all":true},"before_sensitive":false,"after_sensitive":{"default_action":[{"authenticate_cognito":[],"authenticate_oidc":[],"fixed_response":[],"forward":[],"redirect":[]}],"mutual_authentication":[],"tags_all":{}}}},{"address":"module.vpc.aws_lb_target_group.external_api","module_address":"module.vpc","mode":"managed","type":"aws_lb_target_group","name":"external_api","provider_name":"registry.terraform.io/hashicorp/aws","change":{"actions":["create"],"before":null,"after":{"deregistration_delay":"300","health_check":[{"enabled":true,"healthy_threshold":3,"interval":10,"path":"/readyz","port":"6443","protocol":"HTTPS","unhealthy_threshold":3}],"lambda_multi_value_headers_enabled":false,"port":6443,"protocol":"TCP","proxy_protocol_v2":false,"slow_start":0,"target_type":"instance"},"after_unknown":{"arn":true,"arn_suffix":true,"connection_termination":true,"health_check":[{"matcher":true,"timeout":true}],"id":true,"ip_address_type":true,"load_balancer_arns":true,"load_balancing_algorithm_type":true,"load_balancing_anomaly_mitigation":true,"load_balancing_cross_zone_enabled":true,"name":true,"name_prefix":true,"preserve_client_ip":true,"protocol_version":true,"stickiness":true,"tags":true,"tags_all":true,"target_failover":true,"target_health_state":true,"vpc_id":true},"before_sensitive":false,"after_sensitive":{"health_check":[{}],"load_balancer_arns":[],"stickiness":[],"tags":{},"tags_all":{},"target_failover":[],"target_health_state":[]}}},{"address":"module.vpc.aws_lb_target_group.internal_api","module_address":"module.vpc","mode":"managed","type":"aws_lb_target_group","name":"internal_api","provider_name":"registry.terraform.io/hashicorp/aws","change":{"actions":["create"],"before":null,"after":{"deregistration_delay":"300","health_check":[{"enabled":true,"healthy_threshold":3,"interval":10,"path":"/readyz","port":"6443","protocol":"HTTPS","unhealthy_threshold":3}],"lambda_multi_value_headers_enabled":false,"port":6443,"protocol":"TCP","proxy_protocol_v2":false,"slow_start":0,"target_type":"instance"},"after_unknown":{"arn":true,"arn_suffix":true,"connection_termination":true,"health_check":[{"matcher":true,"timeout":true}],"id":true,"ip_address_type":true,"load_balancer_arns":true,"load_balancing_algorithm_type":true,"load_balancing_anomaly_mitigation":true,"load_balancing_cross_zone_enabled":true,"name":true,"name_prefix":true,"preserve_client_ip":true,"protocol_version":true,"stickiness":true,"tags":true,"tags_all":true,"target_failover":true,"target_health_state":true,"vpc_id":true},"before_sensitive":false,"after_sensitive":{"health_check":[{}],"load_balancer_arns":[],"stickiness":[],"tags":{},"tags_all":{},"target_failover":[],"target_health_state":[]}}},{"address":"module.vpc.aws_lb_target_group.internal_services","module_address":"module.vpc","mode":"managed","type":"aws_lb_target_group","name":"internal_services","provider_name":"registry.terraform.io/hashicorp/aws","change":{"actions":["create"],"before":null,"after":{"deregistration_delay":"300","health_check":[{"enabled":true,"healthy_threshold":3,"interval":10,"path":"/healthz","port":"22623","protocol":"HTTPS","unhealthy_threshold":3}],"lambda_multi_value_headers_enabled":false,"port":22623,"protocol":"TCP","proxy_protocol_v2":false,"slow_start":0,"target_type":"instance"},"after_unknown":{"arn":true,"arn_suffix":true,"connection_termination":true,"health_check":[{"matcher":true,"timeout":true}],"id":true,"ip_address_type":true,"load_balancer_arns":true,"load_balancing_algorithm_type":true,"load_balancing_anomaly_mitigation":true,"load_balancing_cross_zone_enabled":true,"name":true,"name_prefix":true,"preserve_client_ip":true,"protocol_version":true,"stickiness":true,"tags":true,"tags_all":true,"target_failover":true,"target_health_state":true,"vpc_id":true},"before_sensitive":false,"after_sensitive":{"health_check":[{}],"load_balancer_arns":[],"stickiness":[],"tags":{},"tags_all":{},"target_failover":[],"target_health_state":[]}}},{"address":"module.vpc.aws_main_route_table_association.public_rta","module_address":"module.vpc","mode":"managed","type":"aws_main_route_table_association","name":"public_rta","provider_name":"registry.terraform.io/hashicorp/aws","change":{"actions":["create"],"before":null,"after":{"timeouts":null},"after_unknown":{"id":true,"original_route_table_id":true,"route_table_id":true,"vpc_id":true},"before_sensitive":false,"after_sensitive":{}}},{"address":"module.vpc.aws_nat_gateway.subnet_nat_gateway[\"a\"]","module_address":"module.vpc","mode":"managed","type":"aws_nat_gateway","name":"subnet_nat_gateway","index":"a","provider_name":"registry.terraform.io/hashicorp/aws","change":{"actions":["create"],"before":null,"after":{"connectivity_type":"public","secondary_allocation_ids":null,"timeouts":null},"after_unknown":{"allocation_id":true,"association_id":true,"id":true,"network_interface_id":true,"private_ip":true,"public_ip":true,"secondary_private_ip_address_count":true,"secondary_private_ip_addresses":true,"subnet_id":true,"tags":true,"tags_all":true},"before_sensitive":false,"after_sensitive":{"secondary_private_ip_addresses":[],"tags":{},"tags_all":{}}}},{"address":"module.vpc.aws_nat_gateway.subnet_nat_gateway[\"b\"]","module_address":"module.vpc","mode":"managed","type":"aws_nat_gateway","name":"subnet_nat_gateway","index":"b","provider_name":"registry.terraform.io/hashicorp/aws","change":{"actions":["create"],"before":null,"after":{"connectivity_type":"public","secondary_allocation_ids":null,"timeouts":null},"after_unknown":{"allocation_id":true,"association_id":true,"id":true,"network_interface_id":true,"private_ip":true,"public_ip":true,"secondary_private_ip_address_count":true,"secondary_private_ip_addresses":true,"subnet_id":true,"tags":true,"tags_all":true},"before_sensitive":false,"after_sensitive":{"secondary_private_ip_addresses":[],"tags":{},"tags_all":{}}}},{"address":"module.vpc.aws_nat_gateway.subnet_nat_gateway[\"c\"]","module_address":"module.vpc","mode":"managed","type":"aws_nat_gateway","name":"subnet_nat_gateway","index":"c","provider_name":"registry.terraform.io/hashicorp/aws","change":{"actions":["create"],"before":null,"after":{"connectivity_type":"public","secondary_allocation_ids":null,"timeouts":null},"after_unknown":{"allocation_id":true,"association_id":true,"id":true,"network_interface_id":true,"private_ip":true,"public_ip":true,"secondary_private_ip_address_count":true,"secondary_private_ip_addresses":true,"subnet_id":true,"tags":true,"tags_all":true},"before_sensitive":false,"after_sensitive":{"secondary_private_ip_addresses":[],"tags":{},"tags_all":{}}}},{"address":"module.vpc.aws_route.igw_route","module_address":"module.vpc","mode":"managed","type":"aws_route","name":"igw_route","provider_name":"registry.terraform.io/hashicorp/aws","change":{"actions":["create"],"before":null,"after":{"carrier_gateway_id":null,"core_network_arn":null,"destination_cidr_block":"0.0.0.0/0","destination_ipv6_cidr_block":null,"destination_prefix_list_id":null,"egress_only_gateway_id":null,"local_gateway_id":null,"nat_gateway_id":null,"timeouts":null,"transit_gateway_id":null,"vpc_endpoint_id":null,"vpc_peering_connection_id":null},"after_unknown":{"gateway_id":true,"id":true,"instance_id":true,"instance_owner_id":true,"network_interface_id":true,"origin":true,"route_table_id":true,"state":true},"before_sensitive":false,"after_sensitive":{}}},{"address":"module.vpc.aws_route.nat_gateway[\"a\"]","module_address":"module.vpc","mode":"managed","type":"aws_route","name":"nat_gateway","index":"a","provider_name":"registry.terraform.io/hashicorp/aws","change":{"actions":["create"],"before":null,"after":{"carrier_gateway_id":null,"core_network_arn":null,"destination_cidr_block":"0.0.0.0/0","destination_ipv6_cidr_block":null,"destination_prefix_list_id":null,"egress_only_gateway_id":null,"gateway_id":null,"local_gateway_id":null,"timeouts":null,"transit_gateway_id":null,"vpc_endpoint_id":null,"vpc_peering_connection_id":null},"after_unknown":{"id":true,"instance_id":true,"instance_owner_id":true,"nat_gateway_id":true,"network_interface_id":true,"origin":true,"route_table_id":true,"state":true},"before_sensitive":false,"after_sensitive":{}}},{"address":"module.vpc.aws_route.nat_gateway[\"b\"]","module_address":"module.vpc","mode":"managed","type":"aws_route","name":"nat_gateway","index":"b","provider_name":"registry.terraform.io/hashicorp/aws","change":{"actions":["create"],"before":null,"after":{"carrier_gateway_id":null,"core_network_arn":null,"destination_cidr_block":"0.0.0.0/0","destination_ipv6_cidr_block":null,"destination_prefix_list_id":null,"egress_only_gateway_id":null,"gateway_id":null,"local_gateway_id":null,"timeouts":null,"transit_gateway_id":null,"vpc_endpoint_id":null,"vpc_peering_connection_id":null},"after_unknown":{"id":true,"instance_id":true,"instance_owner_id":true,"nat_gateway_id":true,"network_interface_id":true,"origin":true,"route_table_id":true,"state":true},"before_sensitive":false,"after_sensitive":{}}},{"address":"module.vpc.aws_route.nat_gateway[\"c\"]","module_address":"module.vpc","mode":"managed","type":"aws_route","name":"nat_gateway","index":"c","provider_name":"registry.terraform.io/hashicorp/aws","change":{"actions":["create"],"before":null,"after":{"carrier_gateway_id":null,"core_network_arn":null,"destination_cidr_block":"0.0.0.0/0","destination_ipv6_cidr_block":null,"destination_prefix_list_id":null,"egress_only_gateway_id":null,"gateway_id":null,"local_gateway_id":null,"timeouts":null,"transit_gateway_id":null,"vpc_endpoint_id":null,"vpc_peering_connection_id":null},"after_unknown":{"id":true,"instance_id":true,"instance_owner_id":true,"nat_gateway_id":true,"network_interface_id":true,"origin":true,"route_table_id":true,"state":true},"before_sensitive":false,"after_sensitive":{}}},{"address":"module.vpc.aws_route_table.default","module_address":"module.vpc","mode":"managed","type":"aws_route_table","name":"default","provider_name":"registry.terraform.io/hashicorp/aws","change":{"actions":["create"],"before":null,"after":{"timeouts":null},"after_unknown":{"arn":true,"id":true,"owner_id":true,"propagating_vgws":true,"route":true,"tags":true,"tags_all":true,"vpc_id":true},"before_sensitive":false,"after_sensitive":{"propagating_vgws":[],"route":[],"tags":{},"tags_all":{}}}},{"address":"module.vpc.aws_route_table.private_rt[\"a\"]","module_address":"module.vpc","mode":"managed","type":"aws_route_table","name":"private_rt","index":"a","provider_name":"registry.terraform.io/hashicorp/aws","change":{"actions":["create"],"before":null,"after":{"timeouts":null},"after_unknown":{"arn":true,"id":true,"owner_id":true,"propagating_vgws":true,"route":true,"tags":true,"tags_all":true,"vpc_id":true},"before_sensitive":false,"after_sensitive":{"propagating_vgws":[],"route":[],"tags":{},"tags_all":{}}}},{"address":"module.vpc.aws_route_table.private_rt[\"b\"]","module_address":"module.vpc","mode":"managed","type":"aws_route_table","name":"private_rt","index":"b","provider_name":"registry.terraform.io/hashicorp/aws","change":{"actions":["create"],"before":null,"after":{"timeouts":null},"after_unknown":{"arn":true,"id":true,"owner_id":true,"propagating_vgws":true,"route":true,"tags":true,"tags_all":true,"vpc_id":true},"before_sensitive":false,"after_sensitive":{"propagating_vgws":[],"route":[],"tags":{},"tags_all":{}}}},{"address":"module.vpc.aws_route_table.private_rt[\"c\"]","module_address":"module.vpc","mode":"managed","type":"aws_route_table","name":"private_rt","index":"c","provider_name":"registry.terraform.io/hashicorp/aws","change":{"actions":["create"],"before":null,"after":{"timeouts":null},"after_unknown":{"arn":true,"id":true,"owner_id":true,"propagating_vgws":true,"route":true,"tags":true,"tags_all":true,"vpc_id":true},"before_sensitive":false,"after_sensitive":{"propagating_vgws":[],"route":[],"tags":{},"tags_all":{}}}},{"address":"module.vpc.aws_route_table_association.private_rta[\"a\"]","module_address":"module.vpc","mode":"managed","type":"aws_route_table_association","name":"private_rta","index":"a","provider_name":"registry.terraform.io/hashicorp/aws","change":{"actions":["create"],"before":null,"after":{"gateway_id":null,"timeouts":null},"after_unknown":{"id":true,"route_table_id":true,"subnet_id":true},"before_sensitive":false,"after_sensitive":{}}},{"address":"module.vpc.aws_route_table_association.private_rta[\"b\"]","module_address":"module.vpc","mode":"managed","type":"aws_route_table_association","name":"private_rta","index":"b","provider_name":"registry.terraform.io/hashicorp/aws","change":{"actions":["create"],"before":null,"after":{"gateway_id":null,"timeouts":null},"after_unknown":{"id":true,"route_table_id":true,"subnet_id":true},"before_sensitive":false,"after_sensitive":{}}},{"address":"module.vpc.aws_route_table_association.private_rta[\"c\"]","module_address":"module.vpc","mode":"managed","type":"aws_route_table_association","name":"private_rta","index":"c","provider_name":"registry.terraform.io/hashicorp/aws","change":{"actions":["create"],"before":null,"after":{"gateway_id":null,"timeouts":null},"after_unknown":{"id":true,"route_table_id":true,"subnet_id":true},"before_sensitive":false,"after_sensitive":{}}},{"address":"module.vpc.aws_route_table_association.public_rta_subnet[\"a\"]","module_address":"module.vpc","mode":"managed","type":"aws_route_table_association","name":"public_rta_subnet","index":"a","provider_name":"registry.terraform.io/hashicorp/aws","change":{"actions":["create"],"before":null,"after":{"gateway_id":null,"timeouts":null},"after_unknown":{"id":true,"route_table_id":true,"subnet_id":true},"before_sensitive":false,"after_sensitive":{}}},{"address":"module.vpc.aws_route_table_association.public_rta_subnet[\"b\"]","module_address":"module.vpc","mode":"managed","type":"aws_route_table_association","name":"public_rta_subnet","index":"b","provider_name":"registry.terraform.io/hashicorp/aws","change":{"actions":["create"],"before":null,"after":{"gateway_id":null,"timeouts":null},"after_unknown":{"id":true,"route_table_id":true,"subnet_id":true},"before_sensitive":false,"after_sensitive":{}}},{"address":"module.vpc.aws_route_table_association.public_rta_subnet[\"c\"]","module_address":"module.vpc","mode":"managed","type":"aws_route_table_association","name":"public_rta_subnet","index":"c","provider_name":"registry.terraform.io/hashicorp/aws","change":{"actions":["create"],"before":null,"after":{"gateway_id":null,"timeouts":null},"after_unknown":{"id":true,"route_table_id":true,"subnet_id":true},"before_sensitive":false,"after_sensitive":{}}},{"address":"module.vpc.aws_security_group.controlPlane_sg","module_address":"module.vpc","mode":"managed","type":"aws_security_group","name":"controlPlane_sg","provider_name":"registry.terraform.io/hashicorp/aws","change":{"actions":["create"],"before":null,"after":{"description":"Security group for handling the communication with the control plane nodes","revoke_rules_on_delete":false,"timeouts":null},"after_unknown":{"arn":true,"egress":true,"id":true,"ingress":true,"name":true,"name_prefix":true,"owner_id":true,"tags":true,"tags_all":true,"vpc_id":true},"before_sensitive":false,"after_sensitive":{"egress":[],"ingress":[],"tags":{},"tags_all":{}}}},{"address":"module.vpc.aws_security_group.worker_sg","module_address":"module.vpc","mode":"managed","type":"aws_security_group","name":"worker_sg","provider_name":"registry.terraform.io/hashicorp/aws","change":{"actions":["create"],"before":null,"after":{"description":"Security group for handling the communication with the worker nodes","revoke_rules_on_delete":false,"timeouts":null},"after_unknown":{"arn":true,"egress":true,"id":true,"ingress":true,"name":true,"name_prefix":true,"owner_id":true,"tags":true,"tags_all":true,"vpc_id":true},"before_sensitive":false,"after_sensitive":{"egress":[],"ingress":[],"tags":{},"tags_all":{}}}},{"address":"module.vpc.aws_security_group_rule.controlPlane_egress","module_address":"module.vpc","mode":"managed","type":"aws_security_group_rule","name":"controlPlane_egress","provider_name":"registry.terraform.io/hashicorp/aws","change":{"actions":["create"],"before":null,"after":{"cidr_blocks":["0.0.0.0/0"],"description":null,"from_port":0,"ipv6_cidr_blocks":null,"prefix_list_ids":null,"protocol":"-1","self":false,"timeouts":null,"to_port":0,"type":"egress"},"after_unknown":{"cidr_blocks":[false],"id":true,"security_group_id":true,"security_group_rule_id":true,"source_security_group_id":true},"before_sensitive":false,"after_sensitive":{"cidr_blocks":[false]}}},{"address":"module.vpc.aws_security_group_rule.controlPlane_ingress_HLS","module_address":"module.vpc","mode":"managed","type":"aws_security_group_rule","name":"controlPlane_ingress_HLS","provider_name":"registry.terraform.io/hashicorp/aws","change":{"actions":["create"],"before":null,"after":{"cidr_blocks":null,"description":null,"from_port":9000,"ipv6_cidr_blocks":null,"prefix_list_ids":null,"protocol":"tcp","self":true,"timeouts":null,"to_port":9999,"type":"ingress"},"after_unknown":{"id":true,"security_group_id":true,"security_group_rule_id":true,"source_security_group_id":true},"before_sensitive":false,"after_sensitive":{}}},{"address":"module.vpc.aws_security_group_rule.controlPlane_ingress_HLS_UDP","module_address":"module.vpc","mode":"managed","type":"aws_security_group_rule","name":"controlPlane_ingress_HLS_UDP","provider_name":"registry.terraform.io/hashicorp/aws","change":{"actions":["create"],"before":null,"after":{"cidr_blocks":null,"description":null,"from_port":9000,"ipv6_cidr_blocks":null,"prefix_list_ids":null,"protocol":"udp","self":true,"timeouts":null,"to_port":9999,"type":"ingress"},"after_unknown":{"id":true,"security_group_id":true,"security_group_rule_id":true,"source_security_group_id":true},"before_sensitive":false,"after_sensitive":{}}},{"address":"module.vpc.aws_security_group_rule.controlPlane_ingress_HLS_UDP_worker","module_address":"module.vpc","mode":"managed","type":"aws_security_group_rule","name":"controlPlane_ingress_HLS_UDP_worker","provider_name":"registry.terraform.io/hashicorp/aws","change":{"actions":["create"],"before":null,"after":{"cidr_blocks":null,"description":null,"from_port":9000,"ipv6_cidr_blocks":null,"prefix_list_ids":null,"protocol":"udp","self":false,"timeouts":null,"to_port":9999,"type":"ingress"},"after_unknown":{"id":true,"security_group_id":true,"security_group_rule_id":true,"source_security_group_id":true},"before_sensitive":false,"after_sensitive":{}}},{"address":"module.vpc.aws_security_group_rule.controlPlane_ingress_HLS_worker","module_address":"module.vpc","mode":"managed","type":"aws_security_group_rule","name":"controlPlane_ingress_HLS_worker","provider_name":"registry.terraform.io/hashicorp/aws","change":{"actions":["create"],"before":null,"after":{"cidr_blocks":null,"description":null,"from_port":9000,"ipv6_cidr_blocks":null,"prefix_list_ids":null,"protocol":"tcp","self":false,"timeouts":null,"to_port":9999,"type":"ingress"},"after_unknown":{"id":true,"security_group_id":true,"security_group_rule_id":true,"source_security_group_id":true},"before_sensitive":false,"after_sensitive":{}}},{"address":"module.vpc.aws_security_group_rule.controlPlane_ingress_api","module_address":"module.vpc","mode":"managed","type":"aws_security_group_rule","name":"controlPlane_ingress_api","provider_name":"registry.terraform.io/hashicorp/aws","change":{"actions":["create"],"before":null,"after":{"cidr_blocks":["10.0.0.0/16"],"description":null,"from_port":6443,"ipv6_cidr_blocks":null,"prefix_list_ids":null,"protocol":"tcp","self":false,"timeouts":null,"to_port":6443,"type":"ingress"},"after_unknown":{"cidr_blocks":[false],"id":true,"security_group_id":true,"security_group_rule_id":true,"source_security_group_id":true},"before_sensitive":false,"after_sensitive":{"cidr_blocks":[false]}}},{"address":"module.vpc.aws_security_group_rule.controlPlane_ingress_etcd","module_address":"module.vpc","mode":"managed","type":"aws_security_group_rule","name":"controlPlane_ingress_etcd","provider_name":"registry.terraform.io/hashicorp/aws","change":{"actions":["create"],"before":null,"after":{"cidr_blocks":null,"description":null,"from_port":2379,"ipv6_cidr_blocks":null,"prefix_list_ids":null,"protocol":"tcp","self":true,"timeouts":null,"to_port":2380,"type":"ingress"},"after_unknown":{"id":true,"security_group_id":true,"security_group_rule_id":true,"source_security_group_id":true},"before_sensitive":false,"after_sensitive":{}}},{"address":"module.vpc.aws_security_group_rule.controlPlane_ingress_etcd_worker","module_address":"module.vpc","mode":"managed","type":"aws_security_group_rule","name":"controlPlane_ingress_etcd_worker","provider_name":"registry.terraform.io/hashicorp/aws","change":{"actions":["create"],"before":null,"after":{"cidr_blocks":null,"description":null,"from_port":2379,"ipv6_cidr_blocks":null,"prefix_list_ids":null,"protocol":"tcp","self":false,"timeouts":null,"to_port":2380,"type":"ingress"},"after_unknown":{"id":true,"security_group_id":true,"security_group_rule_id":true,"source_security_group_id":true},"before_sensitive":false,"after_sensitive":{}}},{"address":"module.vpc.aws_security_group_rule.controlPlane_ingress_k8s","module_address":"module.vpc","mode":"managed","type":"aws_security_group_rule","name":"controlPlane_ingress_k8s","provider_name":"registry.terraform.io/hashicorp/aws","change":{"actions":["create"],"before":null,"after":{"cidr_blocks":null,"description":null,"from_port":10249,"ipv6_cidr_blocks":null,"prefix_list_ids":null,"protocol":"tcp","self":true,"timeouts":null,"to_port":10259,"type":"ingress"},"after_unknown":{"id":true,"security_group_id":true,"security_group_rule_id":true,"source_security_group_id":true},"before_sensitive":false,"after_sensitive":{}}},{"address":"module.vpc.aws_security_group_rule.controlPlane_ingress_k8s_nodePort","module_address":"module.vpc","mode":"managed","type":"aws_security_group_rule","name":"controlPlane_ingress_k8s_nodePort","provider_name":"registry.terraform.io/hashicorp/aws","change":{"actions":["create"],"before":null,"after":{"cidr_blocks":null,"description":null,"from_port":30000,"ipv6_cidr_blocks":null,"prefix_list_ids":null,"protocol":"udp","self":true,"timeouts":null,"to_port":32767,"type":"ingress"},"after_unknown":{"id":true,"security_group_id":true,"security_group_rule_id":true,"source_security_group_id":true},"before_sensitive":false,"after_sensitive":{}}},{"address":"module.vpc.aws_security_group_rule.controlPlane_ingress_k8s_nodePort_worker","module_address":"module.vpc","mode":"managed","type":"aws_security_group_rule","name":"controlPlane_ingress_k8s_nodePort_worker","provider_name":"registry.terraform.io/hashicorp/aws","change":{"actions":["create"],"before":null,"after":{"cidr_blocks":null,"description":null,"from_port":30000,"ipv6_cidr_blocks":null,"prefix_list_ids":null,"protocol":"udp","self":false,"timeouts":null,"to_port":32767,"type":"ingress"},"after_unknown":{"id":true,"security_group_id":true,"security_group_rule_id":true,"source_security_group_id":true},"before_sensitive":false,"after_sensitive":{}}},{"address":"module.vpc.aws_security_group_rule.controlPlane_ingress_k8s_worker","module_address":"module.vpc","mode":"managed","type":"aws_security_group_rule","name":"controlPlane_ingress_k8s_worker","provider_name":"registry.terraform.io/hashicorp/aws","change":{"actions":["create"],"before":null,"after":{"cidr_blocks":null,"description":null,"from_port":10249,"ipv6_cidr_blocks":null,"prefix_list_ids":null,"protocol":"tcp","self":false,"timeouts":null,"to_port":10259,"type":"ingress"},"after_unknown":{"id":true,"security_group_id":true,"security_group_rule_id":true,"source_security_group_id":true},"before_sensitive":false,"after_sensitive":{}}},{"address":"module.vpc.aws_security_group_rule.controlPlane_ingress_openshift_sdn","module_address":"module.vpc","mode":"managed","type":"aws_security_group_rule","name":"controlPlane_ingress_openshift_sdn","provider_name":"registry.terraform.io/hashicorp/aws","change":{"actions":["create"],"before":null,"after":{"cidr_blocks":null,"description":null,"from_port":10256,"ipv6_cidr_blocks":null,"prefix_list_ids":null,"protocol":"tcp","self":true,"timeouts":null,"to_port":10256,"type":"ingress"},"after_unknown":{"id":true,"security_group_id":true,"security_group_rule_id":true,"source_security_group_id":true},"before_sensitive":false,"after_sensitive":{}}},{"address":"module.vpc.aws_security_group_rule.controlPlane_ingress_openshift_sdn_worker","module_address":"module.vpc","mode":"managed","type":"aws_security_group_rule","name":"controlPlane_ingress_openshift_sdn_worker","provider_name":"registry.terraform.io/hashicorp/aws","change":{"actions":["create"],"before":null,"after":{"cidr_blocks":null,"description":null,"from_port":10256,"ipv6_cidr_blocks":null,"prefix_list_ids":null,"protocol":"tcp","self":false,"timeouts":null,"to_port":10256,"type":"ingress"},"after_unknown":{"id":true,"security_group_id":true,"security_group_rule_id":true,"source_security_group_id":true},"before_sensitive":false,"after_sensitive":{}}},{"address":"module.vpc.aws_security_group_rule.controlPlane_ingress_services","module_address":"module.vpc","mode":"managed","type":"aws_security_group_rule","name":"controlPlane_ingress_services","provider_name":"registry.terraform.io/hashicorp/aws","change":{"actions":["create"],"before":null,"after":{"cidr_blocks":["10.0.0.0/16"],"description":null,"from_port":22623,"ipv6_cidr_blocks":null,"prefix_list_ids":null,"protocol":"tcp","self":false,"timeouts":null,"to_port":22623,"type":"ingress"},"after_unknown":{"cidr_blocks":[false],"id":true,"security_group_id":true,"security_group_rule_id":true,"source_security_group_id":true},"before_sensitive":false,"after_sensitive":{"cidr_blocks":[false]}}},{"address":"module.vpc.aws_security_group_rule.controlPlane_ingress_ssh_worker","module_address":"module.vpc","mode":"managed","type":"aws_security_group_rule","name":"controlPlane_ingress_ssh_worker","provider_name":"registry.terraform.io/hashicorp/aws","change":{"actions":["create"],"before":null,"after":{"cidr_blocks":["10.0.0.0/16"],"description":null,"from_port":22,"ipv6_cidr_blocks":null,"prefix_list_ids":null,"protocol":"tcp","self":false,"timeouts":null,"to_port":22,"type":"ingress"},"after_unknown":{"cidr_blocks":[false],"id":true,"security_group_id":true,"security_group_rule_id":true,"source_security_group_id":true},"before_sensitive":false,"after_sensitive":{"cidr_blocks":[false]}}},{"address":"module.vpc.aws_security_group_rule.controlPlane_ingress_vxlan_geneve","module_address":"module.vpc","mode":"managed","type":"aws_security_group_rule","name":"controlPlane_ingress_vxlan_geneve","provider_name":"registry.terraform.io/hashicorp/aws","change":{"actions":["create"],"before":null,"after":{"cidr_blocks":null,"description":null,"from_port":4789,"ipv6_cidr_blocks":null,"prefix_list_ids":null,"protocol":"udp","self":true,"timeouts":null,"to_port":4789,"type":"ingress"},"after_unknown":{"id":true,"security_group_id":true,"security_group_rule_id":true,"source_security_group_id":true},"before_sensitive":false,"after_sensitive":{}}},{"address":"module.vpc.aws_security_group_rule.controlPlane_ingress_vxlan_geneve_2","module_address":"module.vpc","mode":"managed","type":"aws_security_group_rule","name":"controlPlane_ingress_vxlan_geneve_2","provider_name":"registry.terraform.io/hashicorp/aws","change":{"actions":["create"],"before":null,"after":{"cidr_blocks":null,"description":null,"from_port":6081,"ipv6_cidr_blocks":null,"prefix_list_ids":null,"protocol":"udp","self":true,"timeouts":null,"to_port":6081,"type":"ingress"},"after_unknown":{"id":true,"security_group_id":true,"security_group_rule_id":true,"source_security_group_id":true},"before_sensitive":false,"after_sensitive":{}}},{"address":"module.vpc.aws_security_group_rule.controlPlane_ingress_vxlan_geneve_2_worker","module_address":"module.vpc","mode":"managed","type":"aws_security_group_rule","name":"controlPlane_ingress_vxlan_geneve_2_worker","provider_name":"registry.terraform.io/hashicorp/aws","change":{"actions":["create"],"before":null,"after":{"cidr_blocks":null,"description":null,"from_port":6081,"ipv6_cidr_blocks":null,"prefix_list_ids":null,"protocol":"udp","self":false,"timeouts":null,"to_port":6081,"type":"ingress"},"after_unknown":{"id":true,"security_group_id":true,"security_group_rule_id":true,"source_security_group_id":true},"before_sensitive":false,"after_sensitive":{}}},{"address":"module.vpc.aws_security_group_rule.controlPlane_ingress_vxlan_geneve_worker","module_address":"module.vpc","mode":"managed","type":"aws_security_group_rule","name":"controlPlane_ingress_vxlan_geneve_worker","provider_name":"registry.terraform.io/hashicorp/aws","change":{"actions":["create"],"before":null,"after":{"cidr_blocks":null,"description":null,"from_port":4789,"ipv6_cidr_blocks":null,"prefix_list_ids":null,"protocol":"udp","self":false,"timeouts":null,"to_port":4789,"type":"ingress"},"after_unknown":{"id":true,"security_group_id":true,"security_group_rule_id":true,"source_security_group_id":true},"before_sensitive":false,"after_sensitive":{}}},{"address":"module.vpc.aws_security_group_rule.worker_egress","module_address":"module.vpc","mode":"managed","type":"aws_security_group_rule","name":"worker_egress","provider_name":"registry.terraform.io/hashicorp/aws","change":{"actions":["create"],"before":null,"after":{"cidr_blocks":["0.0.0.0/0"],"description":null,"from_port":0,"ipv6_cidr_blocks":null,"prefix_list_ids":null,"protocol":"-1","self":false,"timeouts":null,"to_port":0,"type":"egress"},"after_unknown":{"cidr_blocks":[false],"id":true,"security_group_id":true,"security_group_rule_id":true,"source_security_group_id":true},"before_sensitive":false,"after_sensitive":{"cidr_blocks":[false]}}},{"address":"module.vpc.aws_security_group_rule.worker_ingress_HLS","module_address":"module.vpc","mode":"managed","type":"aws_security_group_rule","name":"worker_ingress_HLS","provider_name":"registry.terraform.io/hashicorp/aws","change":{"actions":["create"],"before":null,"after":{"cidr_blocks":null,"description":null,"from_port":9000,"ipv6_cidr_blocks":null,"prefix_list_ids":null,"protocol":"tcp","self":true,"timeouts":null,"to_port":9999,"type":"ingress"},"after_unknown":{"id":true,"security_group_id":true,"security_group_rule_id":true,"source_security_group_id":true},"before_sensitive":false,"after_sensitive":{}}},{"address":"module.vpc.aws_security_group_rule.worker_ingress_HLS_UDP","module_address":"module.vpc","mode":"managed","type":"aws_security_group_rule","name":"worker_ingress_HLS_UDP","provider_name":"registry.terraform.io/hashicorp/aws","change":{"actions":["create"],"before":null,"after":{"cidr_blocks":null,"description":null,"from_port":9000,"ipv6_cidr_blocks":null,"prefix_list_ids":null,"protocol":"udp","self":true,"timeouts":null,"to_port":9999,"type":"ingress"},"after_unknown":{"id":true,"security_group_id":true,"security_group_rule_id":true,"source_security_group_id":true},"before_sensitive":false,"after_sensitive":{}}},{"address":"module.vpc.aws_security_group_rule.worker_ingress_HLS_UDP_controlPlane","module_address":"module.vpc","mode":"managed","type":"aws_security_group_rule","name":"worker_ingress_HLS_UDP_controlPlane","provider_name":"registry.terraform.io/hashicorp/aws","change":{"actions":["create"],"before":null,"after":{"cidr_blocks":null,"description":null,"from_port":9000,"ipv6_cidr_blocks":null,"prefix_list_ids":null,"protocol":"udp","self":false,"timeouts":null,"to_port":9999,"type":"ingress"},"after_unknown":{"id":true,"security_group_id":true,"security_group_rule_id":true,"source_security_group_id":true},"before_sensitive":false,"after_sensitive":{}}},{"address":"module.vpc.aws_security_group_rule.worker_ingress_HLS_controlPlane","module_address":"module.vpc","mode":"managed","type":"aws_security_group_rule","name":"worker_ingress_HLS_controlPlane","provider_name":"registry.terraform.io/hashicorp/aws","change":{"actions":["create"],"before":null,"after":{"cidr_blocks":null,"description":null,"from_port":9000,"ipv6_cidr_blocks":null,"prefix_list_ids":null,"protocol":"tcp","self":false,"timeouts":null,"to_port":9999,"type":"ingress"},"after_unknown":{"id":true,"security_group_id":true,"security_group_rule_id":true,"source_security_group_id":true},"before_sensitive":false,"after_sensitive":{}}},{"address":"module.vpc.aws_security_group_rule.worker_ingress_api","module_address":"module.vpc","mode":"managed","type":"aws_security_group_rule","name":"worker_ingress_api","provider_name":"registry.terraform.io/hashicorp/aws","change":{"actions":["create"],"before":null,"after":{"cidr_blocks":["10.0.0.0/16"],"description":null,"from_port":6443,"ipv6_cidr_blocks":null,"prefix_list_ids":null,"protocol":"tcp","self":false,"timeouts":null,"to_port":6443,"type":"ingress"},"after_unknown":{"cidr_blocks":[false],"id":true,"security_group_id":true,"security_group_rule_id":true,"source_security_group_id":true},"before_sensitive":false,"after_sensitive":{"cidr_blocks":[false]}}},{"address":"module.vpc.aws_security_group_rule.worker_ingress_etcd","module_address":"module.vpc","mode":"managed","type":"aws_security_group_rule","name":"worker_ingress_etcd","provider_name":"registry.terraform.io/hashicorp/aws","change":{"actions":["create"],"before":null,"after":{"cidr_blocks":null,"description":null,"from_port":2379,"ipv6_cidr_blocks":null,"prefix_list_ids":null,"protocol":"tcp","self":true,"timeouts":null,"to_port":2380,"type":"ingress"},"after_unknown":{"id":true,"security_group_id":true,"security_group_rule_id":true,"source_security_group_id":true},"before_sensitive":false,"after_sensitive":{}}},{"address":"module.vpc.aws_security_group_rule.worker_ingress_etcd_controlPlane","module_address":"module.vpc","mode":"managed","type":"aws_security_group_rule","name":"worker_ingress_etcd_controlPlane","provider_name":"registry.terraform.io/hashicorp/aws","change":{"actions":["create"],"before":null,"after":{"cidr_blocks":null,"description":null,"from_port":2379,"ipv6_cidr_blocks":null,"prefix_list_ids":null,"protocol":"tcp","self":false,"timeouts":null,"to_port":2380,"type":"ingress"},"after_unknown":{"id":true,"security_group_id":true,"security_group_rule_id":true,"source_security_group_id":true},"before_sensitive":false,"after_sensitive":{}}},{"address":"module.vpc.aws_security_group_rule.worker_ingress_k8s","module_address":"module.vpc","mode":"managed","type":"aws_security_group_rule","name":"worker_ingress_k8s","provider_name":"registry.terraform.io/hashicorp/aws","change":{"actions":["create"],"before":null,"after":{"cidr_blocks":null,"description":null,"from_port":10249,"ipv6_cidr_blocks":null,"prefix_list_ids":null,"protocol":"tcp","self":true,"timeouts":null,"to_port":10259,"type":"ingress"},"after_unknown":{"id":true,"security_group_id":true,"security_group_rule_id":true,"source_security_group_id":true},"before_sensitive":false,"after_sensitive":{}}},{"address":"module.vpc.aws_security_group_rule.worker_ingress_k8s_controlPlane","module_address":"module.vpc","mode":"managed","type":"aws_security_group_rule","name":"worker_ingress_k8s_controlPlane","provider_name":"registry.terraform.io/hashicorp/aws","change":{"actions":["create"],"before":null,"after":{"cidr_blocks":null,"description":null,"from_port":10249,"ipv6_cidr_blocks":null,"prefix_list_ids":null,"protocol":"tcp","self":false,"timeouts":null,"to_port":10259,"type":"ingress"},"after_unknown":{"id":true,"security_group_id":true,"security_group_rule_id":true,"source_security_group_id":true},"before_sensitive":false,"after_sensitive":{}}},{"address":"module.vpc.aws_security_group_rule.worker_ingress_k8s_nodePort","module_address":"module.vpc","mode":"managed","type":"aws_security_group_rule","name":"worker_ingress_k8s_nodePort","provider_name":"registry.terraform.io/hashicorp/aws","change":{"actions":["create"],"before":null,"after":{"cidr_blocks":null,"description":null,"from_port":30000,"ipv6_cidr_blocks":null,"prefix_list_ids":null,"protocol":"udp","self":true,"timeouts":null,"to_port":32767,"type":"ingress"},"after_unknown":{"id":true,"security_group_id":true,"security_group_rule_id":true,"source_security_group_id":true},"before_sensitive":false,"after_sensitive":{}}},{"address":"module.vpc.aws_security_group_rule.worker_ingress_k8s_nodePort_controlPlane","module_address":"module.vpc","mode":"managed","type":"aws_security_group_rule","name":"worker_ingress_k8s_nodePort_controlPlane","provider_name":"registry.terraform.io/hashicorp/aws","change":{"actions":["create"],"before":null,"after":{"cidr_blocks":null,"description":null,"from_port":30000,"ipv6_cidr_blocks":null,"prefix_list_ids":null,"protocol":"udp","self":false,"timeouts":null,"to_port":32767,"type":"ingress"},"after_unknown":{"id":true,"security_group_id":true,"security_group_rule_id":true,"source_security_group_id":true},"before_sensitive":false,"after_sensitive":{}}},{"address":"module.vpc.aws_security_group_rule.worker_ingress_openshift_sdn","module_address":"module.vpc","mode":"managed","type":"aws_security_group_rule","name":"worker_ingress_openshift_sdn","provider_name":"registry.terraform.io/hashicorp/aws","change":{"actions":["create"],"before":null,"after":{"cidr_blocks":null,"description":null,"from_port":10256,"ipv6_cidr_blocks":null,"prefix_list_ids":null,"protocol":"tcp","self":true,"timeouts":null,"to_port":10256,"type":"ingress"},"after_unknown":{"id":true,"security_group_id":true,"security_group_rule_id":true,"source_security_group_id":true},"before_sensitive":false,"after_sensitive":{}}},{"address":"module.vpc.aws_security_group_rule.worker_ingress_openshift_sdn_controlPlane","module_address":"module.vpc","mode":"managed","type":"aws_security_group_rule","name":"worker_ingress_openshift_sdn_controlPlane","provider_name":"registry.terraform.io/hashicorp/aws","change":{"actions":["create"],"before":null,"after":{"cidr_blocks":null,"description":null,"from_port":10256,"ipv6_cidr_blocks":null,"prefix_list_ids":null,"protocol":"tcp","self":false,"timeouts":null,"to_port":10256,"type":"ingress"},"after_unknown":{"id":true,"security_group_id":true,"security_group_rule_id":true,"source_security_group_id":true},"before_sensitive":false,"after_sensitive":{}}},{"address":"module.vpc.aws_security_group_rule.worker_ingress_services","module_address":"module.vpc","mode":"managed","type":"aws_security_group_rule","name":"worker_ingress_services","provider_name":"registry.terraform.io/hashicorp/aws","change":{"actions":["create"],"before":null,"after":{"cidr_blocks":["10.0.0.0/16"],"description":null,"from_port":22623,"ipv6_cidr_blocks":null,"prefix_list_ids":null,"protocol":"tcp","self":false,"timeouts":null,"to_port":22623,"type":"ingress"},"after_unknown":{"cidr_blocks":[false],"id":true,"security_group_id":true,"security_group_rule_id":true,"source_security_group_id":true},"before_sensitive":false,"after_sensitive":{"cidr_blocks":[false]}}},{"address":"module.vpc.aws_security_group_rule.worker_ingress_ssh_controlPlane","module_address":"module.vpc","mode":"managed","type":"aws_security_group_rule","name":"worker_ingress_ssh_controlPlane","provider_name":"registry.terraform.io/hashicorp/aws","change":{"actions":["create"],"before":null,"after":{"cidr_blocks":["10.0.0.0/16"],"description":null,"from_port":22,"ipv6_cidr_blocks":null,"prefix_list_ids":null,"protocol":"tcp","self":false,"timeouts":null,"to_port":22,"type":"ingress"},"after_unknown":{"cidr_blocks":[false],"id":true,"security_group_id":true,"security_group_rule_id":true,"source_security_group_id":true},"before_sensitive":false,"after_sensitive":{"cidr_blocks":[false]}}},{"address":"module.vpc.aws_security_group_rule.worker_ingress_vxlan_geneve","module_address":"module.vpc","mode":"managed","type":"aws_security_group_rule","name":"worker_ingress_vxlan_geneve","provider_name":"registry.terraform.io/hashicorp/aws","change":{"actions":["create"],"before":null,"after":{"cidr_blocks":null,"description":null,"from_port":4789,"ipv6_cidr_blocks":null,"prefix_list_ids":null,"protocol":"udp","self":true,"timeouts":null,"to_port":4789,"type":"ingress"},"after_unknown":{"id":true,"security_group_id":true,"security_group_rule_id":true,"source_security_group_id":true},"before_sensitive":false,"after_sensitive":{}}},{"address":"module.vpc.aws_security_group_rule.worker_ingress_vxlan_geneve_2","module_address":"module.vpc","mode":"managed","type":"aws_security_group_rule","name":"worker_ingress_vxlan_geneve_2","provider_name":"registry.terraform.io/hashicorp/aws","change":{"actions":["create"],"before":null,"after":{"cidr_blocks":null,"description":null,"from_port":6081,"ipv6_cidr_blocks":null,"prefix_list_ids":null,"protocol":"udp","self":true,"timeouts":null,"to_port":6081,"type":"ingress"},"after_unknown":{"id":true,"security_group_id":true,"security_group_rule_id":true,"source_security_group_id":true},"before_sensitive":false,"after_sensitive":{}}},{"address":"module.vpc.aws_security_group_rule.worker_ingress_vxlan_geneve_2_controlPlane","module_address":"module.vpc","mode":"managed","type":"aws_security_group_rule","name":"worker_ingress_vxlan_geneve_2_controlPlane","provider_name":"registry.terraform.io/hashicorp/aws","change":{"actions":["create"],"before":null,"after":{"cidr_blocks":null,"description":null,"from_port":6081,"ipv6_cidr_blocks":null,"prefix_list_ids":null,"protocol":"udp","self":false,"timeouts":null,"to_port":6081,"type":"ingress"},"after_unknown":{"id":true,"security_group_id":true,"security_group_rule_id":true,"source_security_group_id":true},"before_sensitive":false,"after_sensitive":{}}},{"address":"module.vpc.aws_security_group_rule.worker_ingress_vxlan_geneve_controlPlane","module_address":"module.vpc","mode":"managed","type":"aws_security_group_rule","name":"worker_ingress_vxlan_geneve_controlPlane","provider_name":"registry.terraform.io/hashicorp/aws","change":{"actions":["create"],"before":null,"after":{"cidr_blocks":null,"description":null,"from_port":4789,"ipv6_cidr_blocks":null,"prefix_list_ids":null,"protocol":"udp","self":false,"timeouts":null,"to_port":4789,"type":"ingress"},"after_unknown":{"id":true,"security_group_id":true,"security_group_rule_id":true,"source_security_group_id":true},"before_sensitive":false,"after_sensitive":{}}},{"address":"module.vpc.aws_subnet.private[\"a\"]","module_address":"module.vpc","mode":"managed","type":"aws_subnet","name":"private","index":"a","provider_name":"registry.terraform.io/hashicorp/aws","change":{"actions":["create"],"before":null,"after":{"assign_ipv6_address_on_creation":false,"availability_zone":"us-east-1a","cidr_block":"10.0.128.0/20","customer_owned_ipv4_pool":null,"enable_dns64":false,"enable_lni_at_device_index":null,"enable_resource_name_dns_a_record_on_launch":false,"enable_resource_name_dns_aaaa_record_on_launch":false,"ipv6_cidr_block":null,"ipv6_native":false,"map_customer_owned_ip_on_launch":null,"map_public_ip_on_launch":false,"outpost_arn":null,"timeouts":null},"after_unknown":{"arn":true,"availability_zone_id":true,"id":true,"ipv6_cidr_block_association_id":true,"owner_id":true,"private_dns_hostname_type_on_launch":true,"tags":true,"tags_all":true,"vpc_id":true},"before_sensitive":false,"after_sensitive":{"tags":{},"tags_all":{}}}},{"address":"module.vpc.aws_subnet.private[\"b\"]","module_address":"module.vpc","mode":"managed","type":"aws_subnet","name":"private","index":"b","provider_name":"registry.terraform.io/hashicorp/aws","change":{"actions":["create"],"before":null,"after":{"assign_ipv6_address_on_creation":false,"availability_zone":"us-east-1b","cidr_block":"10.0.144.0/20","customer_owned_ipv4_pool":null,"enable_dns64":false,"enable_lni_at_device_index":null,"enable_resource_name_dns_a_record_on_launch":false,"enable_resource_name_dns_aaaa_record_on_launch":false,"ipv6_cidr_block":null,"ipv6_native":false,"map_customer_owned_ip_on_launch":null,"map_public_ip_on_launch":false,"outpost_arn":null,"timeouts":null},"after_unknown":{"arn":true,"availability_zone_id":true,"id":true,"ipv6_cidr_block_association_id":true,"owner_id":true,"private_dns_hostname_type_on_launch":true,"tags":true,"tags_all":true,"vpc_id":true},"before_sensitive":false,"after_sensitive":{"tags":{},"tags_all":{}}}},{"address":"module.vpc.aws_subnet.private[\"c\"]","module_address":"module.vpc","mode":"managed","type":"aws_subnet","name":"private","index":"c","provider_name":"registry.terraform.io/hashicorp/aws","change":{"actions":["create"],"before":null,"after":{"assign_ipv6_address_on_creation":false,"availability_zone":"us-east-1c","cidr_block":"10.0.160.0/20","customer_owned_ipv4_pool":null,"enable_dns64":false,"enable_lni_at_device_index":null,"enable_resource_name_dns_a_record_on_launch":false,"enable_resource_name_dns_aaaa_record_on_launch":false,"ipv6_cidr_block":null,"ipv6_native":false,"map_customer_owned_ip_on_launch":null,"map_public_ip_on_launch":false,"outpost_arn":null,"timeouts":null},"after_unknown":{"arn":true,"availability_zone_id":true,"id":true,"ipv6_cidr_block_association_id":true,"owner_id":true,"private_dns_hostname_type_on_launch":true,"tags":true,"tags_all":true,"vpc_id":true},"before_sensitive":false,"after_sensitive":{"tags":{},"tags_all":{}}}},{"address":"module.vpc.aws_subnet.public[\"a\"]","module_address":"module.vpc","mode":"managed","type":"aws_subnet","name":"public","index":"a","provider_name":"registry.terraform.io/hashicorp/aws","change":{"actions":["create"],"before":null,"after":{"assign_ipv6_address_on_creation":false,"availability_zone":"us-east-1a","cidr_block":"10.0.0.0/20","customer_owned_ipv4_pool":null,"enable_dns64":false,"enable_lni_at_device_index":null,"enable_resource_name_dns_a_record_on_launch":false,"enable_resource_name_dns_aaaa_record_on_launch":false,"ipv6_cidr_block":null,"ipv6_native":false,"map_customer_owned_ip_on_launch":null,"map_public_ip_on_launch":false,"outpost_arn":null,"timeouts":null},"after_unknown":{"arn":true,"availability_zone_id":true,"id":true,"ipv6_cidr_block_association_id":true,"owner_id":true,"private_dns_hostname_type_on_launch":true,"tags":true,"tags_all":true,"vpc_id":true},"before_sensitive":false,"after_sensitive":{"tags":{},"tags_all":{}}}},{"address":"module.vpc.aws_subnet.public[\"b\"]","module_address":"module.vpc","mode":"managed","type":"aws_subnet","name":"public","index":"b","provider_name":"registry.terraform.io/hashicorp/aws","change":{"actions":["create"],"before":null,"after":{"assign_ipv6_address_on_creation":false,"availability_zone":"us-east-1b","cidr_block":"10.0.16.0/20","customer_owned_ipv4_pool":null,"enable_dns64":false,"enable_lni_at_device_index":null,"enable_resource_name_dns_a_record_on_launch":false,"enable_resource_name_dns_aaaa_record_on_launch":false,"ipv6_cidr_block":null,"ipv6_native":false,"map_customer_owned_ip_on_launch":null,"map_public_ip_on_launch":false,"outpost_arn":null,"timeouts":null},"after_unknown":{"arn":true,"availability_zone_id":true,"id":true,"ipv6_cidr_block_association_id":true,"owner_id":true,"private_dns_hostname_type_on_launch":true,"tags":true,"tags_all":true,"vpc_id":true},"before_sensitive":false,"after_sensitive":{"tags":{},"tags_all":{}}}},{"address":"module.vpc.aws_subnet.public[\"c\"]","module_address":"module.vpc","mode":"managed","type":"aws_subnet","name":"public","index":"c","provider_name":"registry.terraform.io/hashicorp/aws","change":{"actions":["create"],"before":null,"after":{"assign_ipv6_address_on_creation":false,"availability_zone":"us-east-1c","cidr_block":"10.0.32.0/20","customer_owned_ipv4_pool":null,"enable_dns64":false,"enable_lni_at_device_index":null,"enable_resource_name_dns_a_record_on_launch":false,"enable_resource_name_dns_aaaa_record_on_launch":false,"ipv6_cidr_block":null,"ipv6_native":false,"map_customer_owned_ip_on_launch":null,"map_public_ip_on_launch":false,"outpost_arn":null,"timeouts":null},"after_unknown":{"arn":true,"availability_zone_id":true,"id":true,"ipv6_cidr_block_association_id":true,"owner_id":true,"private_dns_hostname_type_on_launch":true,"tags":true,"tags_all":true,"vpc_id":true},"before_sensitive":false,"after_sensitive":{"tags":{},"tags_all":{}}}},{"address":"module.vpc.aws_vpc.vpc","module_address":"module.vpc","mode":"managed","type":"aws_vpc","name":"vpc","provider_name":"registry.terraform.io/hashicorp/aws","change":{"actions":["create"],"before":null,"after":{"assign_generated_ipv6_cidr_block":null,"cidr_block":"10.0.0.0/16","enable_dns_hostnames":true,"enable_dns_support":true,"instance_tenancy":"default","ipv4_ipam_pool_id":null,"ipv4_netmask_length":null,"ipv6_ipam_pool_id":null,"ipv6_netmask_length":null},"after_unknown":{"arn":true,"default_network_acl_id":true,"default_route_table_id":true,"default_security_group_id":true,"dhcp_options_id":true,"enable_network_address_usage_metrics":true,"id":true,"ipv6_association_id":true,"ipv6_cidr_block":true,"ipv6_cidr_block_network_border_group":true,"main_route_table_id":true,"owner_id":true,"tags":true,"tags_all":true},"before_sensitive":false,"after_sensitive":{"tags":{},"tags_all":{}}}}],"configuration":{"provider_config":{"aws":{"name":"aws","full_name":"registry.terraform.io/hashicorp/aws","expressions":{"region":{"references":["var.region"]}}},"module.bootstrap:local":{"name":"local","full_name":"registry.terraform.io/hashicorp/local","module_address":"module.bootstrap"},"module.bootstrap:null":{"name":"null","full_name":"registry.terraform.io/hashicorp/null","module_address":"module.bootstrap"},"random":{"name":"random","full_name":"registry.terraform.io/hashicorp/random"},"tls":{"name":"tls","full_name":"registry.terraform.io/hashicorp/tls"}},"root_module":{"resources":[{"address":"aws_key_pair.ocp4_installer_aws","mode":"managed","type":"aws_key_pair","name":"ocp4_installer_aws","provider_config_key":"aws","expressions":{"key_name":{"references":["local.cluster_name"]},"public_key":{"references":["tls_private_key.ocp4_installer.public_key_openssh","tls_private_key.ocp4_installer"]}},"schema_version":1},{"address":"random_string.random","mode":"managed","type":"random_string","name":"random","provider_config_key":"random","expressions":{"length":{"constant_value":4},"special":{"constant_value":false},"upper":{"constant_value":false}},"schema_version":2},{"address":"tls_private_key.ocp4_installer","mode":"managed","type":"tls_private_key","name":"ocp4_installer","provider_config_key":"tls","expressions":{"algorithm":{"constant_value":"RSA"}},"schema_version":1}],"module_calls":{"bootstrap":{"source":"./bootstrap","expressions":{"ami":{"references":["local.ami"]},"cluster_name":{"references":["local.cluster_name"]},"domain":{"references":["var.base_domain"]},"openshift_version":{"references":["var.openshift_version"]},"region":{"references":["var.region"]},"ssh_key":{"references":["aws_key_pair.ocp4_installer_aws"]},"subnet_id":{"references":["module.vpc.private_subnets","module.vpc","var.availability_zones[0]","var.availability_zones"]},"tags":{"references":["local.tags"]},"type":{"references":["var.bootstrap.instance_type","var.bootstrap"]}},"module":{"resources":[{"address":"aws_instance.bootstrap","mode":"managed","type":"aws_instance","name":"bootstrap","provider_config_key":"aws","expressions":{"ami":{"references":["var.ami"]},"instance_type":{"references":["var.type"]},"subnet_id":{"references":["var.subnet_id"]}},"schema_version":1},{"address":"aws_s3_bucket.ignition_config","mode":"managed","type":"aws_s3_bucket","name":"ignition_config","provider_config_key":"aws","expressions":{"bucket":{"references":["var.cluster_name"]},"tags":{"references":["var.cluster_name","var.tags"]}},"schema_version":0},{"address":"local_file.install_config","mode":"managed","type":"local_file","name":"install_config","provider_config_key":"module.bootstrap:local","expressions":{"content":{"references":["var.domain","var.cluster_name","var.region","var.ssh_key.public_key","var.ssh_key"]},"filename":{"references":["path.module"]}},"schema_version":0},{"address":"null_resource.installer_folder","mode":"managed","type":"null_resource","name":"installer_folder","provider_config_key":"module.bootstrap:null","provisioners":[{"type":"local-exec","expressions":{"command":{"constant_value":"mkdir -p installer_files"}}},{"type":"local-exec","expressions":{"command":{"constant_value":"rm -r ./*"},"working_dir":{"constant_value":"installer_files/"}}}],"schema_version":0},{"address":"null_resource.ocp_client","mode":"managed","type":"null_resource","name":"ocp_client","provider_config_key":"module.bootstrap:null","provisioners":[{"type":"local-exec","expressions":{"command":{"references":["var.openshift_version","var.openshift_version"]},"working_dir":{"constant_value":"installer_files/"}}},{"type":"local-exec","expressions":{"command":{"constant_value":"tar xzvf openshift-client*.tar.gz"},"working_dir":{"constant_value":"installer_files/"}}},{"type":"local-exec","expressions":{"command":{"constant_value":"rm -f README.md"},"working_dir":{"constant_value":"installer_files/"}}}],"schema_version":0},{"address":"null_resource.ocp_installer","mode":"managed","type":"null_resource","name":"ocp_installer","provider_config_key":"module.bootstrap:null","provisioners":[{"type":"local-exec","expressions":{"command":{"references":["var.openshift_version","var.openshift_version"]},"working_dir":{"constant_value":"installer_files/"}}},{"type":"local-exec","expressions":{"command":{"constant_value":"tar xzvf openshift-install*.tar.gz"},"working_dir":{"constant_value":"installer_files/"}}},{"type":"local-exec","expressions":{"command":{"constant_value":"rm -f README.md"},"working_dir":{"constant_value":"installer_files/"}}}],"schema_version":0}],"variables":{"ami":{},"cluster_name":{},"domain":{},"openshift_version":{},"region":{},"ssh_key":{},"subnet_id":{},"tags":{},"type":{}}}},"controlPlane":{"source":"./controlPlane","expressions":{"ami":{"references":["local.ami"]}},"module":{"variables":{"ami":{}}}},"route53":{"source":"./route53","module":{}},"vpc":{"source":"./vpc","expressions":{"availability_zones":{"references":["var.availability_zones"]},"cluster_name":{"references":["local.cluster_name"]},"region":{"references":["var.region"]},"tags":{"references":["local.tags"]},"vpc_cidr_block":{"references":["var.vpc_cidr_block"]}},"module":{"outputs":{"private_subnets":{"expression":{"references":["aws_subnet.private"]}},"public_subnets":{"expression":{"references":["aws_subnet.public"]}},"zone_private_subnet":{"expression":{"references":["aws_subnet.private","aws_subnet.private"]}},"zone_public_subnet":{"expression":{"references":["aws_subnet.public","aws_subnet.public"]}}},"resources":[{"address":"aws_eip.nat_eip","mode":"managed","type":"aws_eip","name":"nat_eip","provider_config_key":"aws","expressions":{"tags":{"references":["var.cluster_name","each.value","var.tags"]},"vpc":{"constant_value":true}},"schema_version":0,"for_each_expression":{"references":["local.az_set"]}},{"address":"aws_internet_gateway.cluster_igw","mode":"managed","type":"aws_internet_gateway","name":"cluster_igw","provider_config_key":"aws","expressions":{"tags":{"references":["var.cluster_name","var.tags"]},"vpc_id":{"references":["aws_vpc.vpc.id","aws_vpc.vpc"]}},"schema_version":0},{"address":"aws_lb.external_api","mode":"managed","type":"aws_lb","name":"external_api","provider_config_key":"aws","expressions":{"enable_cross_zone_load_balancing":{"constant_value":true},"internal":{"constant_value":false},"load_balancer_type":{"constant_value":"network"},"name":{"references":["var.cluster_name"]},"subnets":{"references":["aws_subnet.public"]},"tags":{"references":["var.cluster_name","var.tags"]}},"schema_version":0},{"address":"aws_lb.internal_api","mode":"managed","type":"aws_lb","name":"internal_api","provider_config_key":"aws","expressions":{"enable_cross_zone_load_balancing":{"constant_value":true},"internal":{"constant_value":true},"load_balancer_type":{"constant_value":"network"},"name":{"references":["var.cluster_name"]},"subnets":{"references":["aws_subnet.private"]},"tags":{"references":["var.cluster_name","var.tags"]}},"schema_version":0},{"address":"aws_lb_listener.external_api_listener","mode":"managed","type":"aws_lb_listener","name":"external_api_listener","provider_config_key":"aws","expressions":{"default_action":[{"target_group_arn":{"references":["aws_lb_target_group.external_api.arn","aws_lb_target_group.external_api"]},"type":{"constant_value":"forward"}}],"load_balancer_arn":{"references":["aws_lb.external_api.arn","aws_lb.external_api"]},"port":{"constant_value":"6443"},"protocol":{"constant_value":"TCP"}},"schema_version":0},{"address":"aws_lb_listener.internal_api_listener","mode":"managed","type":"aws_lb_listener","name":"internal_api_listener","provider_config_key":"aws","expressions":{"default_action":[{"target_group_arn":{"references":["aws_lb_target_group.internal_api.arn","aws_lb_target_group.internal_api"]},"type":{"constant_value":"forward"}}],"load_balancer_arn":{"references":["aws_lb.internal_api.arn","aws_lb.internal_api"]},"port":{"constant_value":"6443"},"protocol":{"constant_value":"TCP"}},"schema_version":0},{"address":"aws_lb_listener.internal_services_listener","mode":"managed","type":"aws_lb_listener","name":"internal_services_listener","provider_config_key":"aws","expressions":{"default_action":[{"target_group_arn":{"references":["aws_lb_target_group.internal_services.arn","aws_lb_target_group.internal_services"]},"type":{"constant_value":"forward"}}],"load_balancer_arn":{"references":["aws_lb.internal_api.arn","aws_lb.internal_api"]},"port":{"constant_value":"22623"},"protocol":{"constant_value":"TCP"}},"schema_version":0},{"address":"aws_lb_target_group.external_api","mode":"managed","type":"aws_lb_target_group","name":"external_api","provider_config_key":"aws","expressions":{"health_check":[{"interval":{"constant_value":"10"},"path":{"constant_value":"/readyz"},"port":{"constant_value":"6443"},"protocol":{"constant_value":"HTTPS"}}],"name":{"references":["var.cluster_name"]},"port":{"constant_value":"6443"},"protocol":{"constant_value":"TCP"},"tags":{"references":["var.cluster_name","var.tags"]},"vpc_id":{"references":["aws_vpc.vpc.id","aws_vpc.vpc"]}},"schema_version":0},{"address":"aws_lb_target_group.internal_api","mode":"managed","type":"aws_lb_target_group","name":"internal_api","provider_config_key":"aws","expressions":{"health_check":[{"interval":{"constant_value":"10"},"path":{"constant_value":"/readyz"},"port":{"constant_value":"6443"},"protocol":{"constant_value":"HTTPS"}}],"name":{"references":["var.cluster_name"]},"port":{"constant_value":"6443"},"protocol":{"constant_value":"TCP"},"tags":{"references":["var.cluster_name","var.tags"]},"vpc_id":{"references":["aws_vpc.vpc.id","aws_vpc.vpc"]}},"schema_version":0},{"address":"aws_lb_target_group.internal_services","mode":"managed","type":"aws_lb_target_group","name":"internal_services","provider_config_key":"aws","expressions":{"health_check":[{"interval":{"constant_value":"10"},"path":{"constant_value":"/healthz"},"port":{"constant_value":"22623"},"protocol":{"constant_value":"HTTPS"}}],"name":{"references":["var.cluster_name"]},"port":{"constant_value":"22623"},"protocol":{"constant_value":"TCP"},"tags":{"references":["var.cluster_name","var.tags"]},"vpc_id":{"references":["aws_vpc.vpc.id","aws_vpc.vpc"]}},"schema_version":0},{"address":"aws_main_route_table_association.public_rta","mode":"managed","type":"aws_main_route_table_association","name":"public_rta","provider_config_key":"aws","expressions":{"route_table_id":{"references":["aws_route_table.default.id","aws_route_table.default"]},"vpc_id":{"references":["aws_vpc.vpc.id","aws_vpc.vpc"]}},"schema_version":0},{"address":"aws_nat_gateway.subnet_nat_gateway","mode":"managed","type":"aws_nat_gateway","name":"subnet_nat_gateway","provider_config_key":"aws","expressions":{"allocation_id":{"references":["aws_eip.nat_eip","each.value"]},"subnet_id":{"references":["aws_subnet.public","each.value"]},"tags":{"references":["var.cluster_name","each.value","var.tags"]}},"schema_version":0,"for_each_expression":{"references":["local.az_set"]}},{"address":"aws_route.igw_route","mode":"managed","type":"aws_route","name":"igw_route","provider_config_key":"aws","expressions":{"destination_cidr_block":{"constant_value":"0.0.0.0/0"},"gateway_id":{"references":["aws_internet_gateway.cluster_igw.id","aws_internet_gateway.cluster_igw"]},"route_table_id":{"references":["aws_route_table.default.id","aws_route_table.default"]}},"schema_version":0},{"address":"aws_route.nat_gateway","mode":"managed","type":"aws_route","name":"nat_gateway","provider_config_key":"aws","expressions":{"destination_cidr_block":{"constant_value":"0.0.0.0/0"},"nat_gateway_id":{"references":["aws_nat_gateway.subnet_nat_gateway","each.value"]},"route_table_id":{"references":["aws_route_table.private_rt","each.value"]}},"schema_version":0,"for_each_expression":{"references":["local.az_set"]}},{"address":"aws_route_table.default","mode":"managed","type":"aws_route_table","name":"default","provider_config_key":"aws","expressions":{"tags":{"references":["var.cluster_name","var.tags"]},"vpc_id":{"references":["aws_vpc.vpc.id","aws_vpc.vpc"]}},"schema_version":0},{"address":"aws_route_table.private_rt","mode":"managed","type":"aws_route_table","name":"private_rt","provider_config_key":"aws","expressions":{"tags":{"references":["var.cluster_name","each.value","var.tags"]},"vpc_id":{"references":["aws_vpc.vpc.id","aws_vpc.vpc"]}},"schema_version":0,"for_each_expression":{"references":["local.az_set"]}},{"address":"aws_route_table_association.private_rta","mode":"managed","type":"aws_route_table_association","name":"private_rta","provider_config_key":"aws","expressions":{"route_table_id":{"references":["aws_route_table.private_rt","each.value"]},"subnet_id":{"references":["aws_subnet.private","each.value"]}},"schema_version":0,"for_each_expression":{"references":["local.az_set"]}},{"address":"aws_route_table_association.public_rta_subnet","mode":"managed","type":"aws_route_table_association","name":"public_rta_subnet","provider_config_key":"aws","expressions":{"route_table_id":{"references":["aws_route_table.default.id","aws_route_table.default"]},"subnet_id":{"references":["aws_subnet.public","each.value"]}},"schema_version":0,"for_each_expression":{"references":["local.az_set"]}},{"address":"aws_security_group.controlPlane_sg","mode":"managed","type":"aws_security_group","name":"controlPlane_sg","provider_config_key":"aws","expressions":{"description":{"constant_value":"Security group for handling the communication with the control plane nodes"},"name":{"references":["var.cluster_name"]},"tags":{"references":["var.cluster_name","var.tags"]},"vpc_id":{"references":["aws_vpc.vpc.id","aws_vpc.vpc"]}},"schema_version":1},{"address":"aws_security_group.worker_sg","mode":"managed","type":"aws_security_group","name":"worker_sg","provider_config_key":"aws","expressions":{"description":{"constant_value":"Security group for handling the communication with the worker nodes"},"name":{"references":["var.cluster_name"]},"tags":{"references":["var.cluster_name","var.tags"]},"vpc_id":{"references":["aws_vpc.vpc.id","aws_vpc.vpc"]}},"schema_version":1},{"address":"aws_security_group_rule.controlPlane_egress","mode":"managed","type":"aws_security_group_rule","name":"controlPlane_egress","provider_config_key":"aws","expressions":{"cidr_blocks":{"constant_value":["0.0.0.0/0"]},"from_port":{"constant_value":"0"},"protocol":{"constant_value":"all"},"security_group_id":{"references":["aws_security_group.controlPlane_sg.id","aws_security_group.controlPlane_sg"]},"to_port":{"constant_value":"0"},"type":{"constant_value":"egress"}},"schema_version":2},{"address":"aws_security_group_rule.controlPlane_ingress_HLS","mode":"managed","type":"aws_security_group_rule","name":"controlPlane_ingress_HLS","provider_config_key":"aws","expressions":{"from_port":{"constant_value":"9000"},"protocol":{"constant_value":"TCP"},"security_group_id":{"references":["aws_security_group.controlPlane_sg.id","aws_security_group.controlPlane_sg"]},"self":{"constant_value":true},"to_port":{"constant_value":"9999"},"type":{"constant_value":"ingress"}},"schema_version":2},{"address":"aws_security_group_rule.controlPlane_ingress_HLS_UDP","mode":"managed","type":"aws_security_group_rule","name":"controlPlane_ingress_HLS_UDP","provider_config_key":"aws","expressions":{"from_port":{"constant_value":"9000"},"protocol":{"constant_value":"UDP"},"security_group_id":{"references":["aws_security_group.controlPlane_sg.id","aws_security_group.controlPlane_sg"]},"self":{"constant_value":true},"to_port":{"constant_value":"9999"},"type":{"constant_value":"ingress"}},"schema_version":2},{"address":"aws_security_group_rule.controlPlane_ingress_HLS_UDP_worker","mode":"managed","type":"aws_security_group_rule","name":"controlPlane_ingress_HLS_UDP_worker","provider_config_key":"aws","expressions":{"from_port":{"constant_value":"9000"},"protocol":{"constant_value":"UDP"},"security_group_id":{"references":["aws_security_group.controlPlane_sg.id","aws_security_group.controlPlane_sg"]},"source_security_group_id":{"references":["aws_security_group.worker_sg.id","aws_security_group.worker_sg"]},"to_port":{"constant_value":"9999"},"type":{"constant_value":"ingress"}},"schema_version":2},{"address":"aws_security_group_rule.controlPlane_ingress_HLS_worker","mode":"managed","type":"aws_security_group_rule","name":"controlPlane_ingress_HLS_worker","provider_config_key":"aws","expressions":{"from_port":{"constant_value":"9000"},"protocol":{"constant_value":"TCP"},"security_group_id":{"references":["aws_security_group.controlPlane_sg.id","aws_security_group.controlPlane_sg"]},"source_security_group_id":{"references":["aws_security_group.worker_sg.id","aws_security_group.worker_sg"]},"to_port":{"constant_value":"9999"},"type":{"constant_value":"ingress"}},"schema_version":2},{"address":"aws_security_group_rule.controlPlane_ingress_api","mode":"managed","type":"aws_security_group_rule","name":"controlPlane_ingress_api","provider_config_key":"aws","expressions":{"cidr_blocks":{"references":["aws_vpc.vpc.cidr_block","aws_vpc.vpc"]},"from_port":{"constant_value":"6443"},"protocol":{"constant_value":"TCP"},"security_group_id":{"references":["aws_security_group.controlPlane_sg.id","aws_security_group.controlPlane_sg"]},"to_port":{"constant_value":"6443"},"type":{"constant_value":"ingress"}},"schema_version":2},{"address":"aws_security_group_rule.controlPlane_ingress_etcd","mode":"managed","type":"aws_security_group_rule","name":"controlPlane_ingress_etcd","provider_config_key":"aws","expressions":{"from_port":{"constant_value":"2379"},"protocol":{"constant_value":"TCP"},"security_group_id":{"references":["aws_security_group.controlPlane_sg.id","aws_security_group.controlPlane_sg"]},"self":{"constant_value":true},"to_port":{"constant_value":"2380"},"type":{"constant_value":"ingress"}},"schema_version":2},{"address":"aws_security_group_rule.controlPlane_ingress_etcd_worker","mode":"managed","type":"aws_security_group_rule","name":"controlPlane_ingress_etcd_worker","provider_config_key":"aws","expressions":{"from_port":{"constant_value":"2379"},"protocol":{"constant_value":"TCP"},"security_group_id":{"references":["aws_security_group.controlPlane_sg.id","aws_security_group.controlPlane_sg"]},"source_security_group_id":{"references":["aws_security_group.worker_sg.id","aws_security_group.worker_sg"]},"to_port":{"constant_value":"2380"},"type":{"constant_value":"ingress"}},"schema_version":2},{"address":"aws_security_group_rule.controlPlane_ingress_k8s","mode":"managed","type":"aws_security_group_rule","name":"controlPlane_ingress_k8s","provider_config_key":"aws","expressions":{"from_port":{"constant_value":"10249"},"protocol":{"constant_value":"TCP"},"security_group_id":{"references":["aws_security_group.controlPlane_sg.id","aws_security_group.controlPlane_sg"]},"self":{"constant_value":true},"to_port":{"constant_value":"10259"},"type":{"constant_value":"ingress"}},"schema_version":2},{"address":"aws_security_group_rule.controlPlane_ingress_k8s_nodePort","mode":"managed","type":"aws_security_group_rule","name":"controlPlane_ingress_k8s_nodePort","provider_config_key":"aws","expressions":{"from_port":{"constant_value":"30000"},"protocol":{"constant_value":"UDP"},"security_group_id":{"references":["aws_security_group.controlPlane_sg.id","aws_security_group.controlPlane_sg"]},"self":{"constant_value":true},"to_port":{"constant_value":"32767"},"type":{"constant_value":"ingress"}},"schema_version":2},{"address":"aws_security_group_rule.controlPlane_ingress_k8s_nodePort_worker","mode":"managed","type":"aws_security_group_rule","name":"controlPlane_ingress_k8s_nodePort_worker","provider_config_key":"aws","expressions":{"from_port":{"constant_value":"30000"},"protocol":{"constant_value":"UDP"},"security_group_id":{"references":["aws_security_group.controlPlane_sg.id","aws_security_group.controlPlane_sg"]},"source_security_group_id":{"references":["aws_security_group.worker_sg.id","aws_security_group.worker_sg"]},"to_port":{"constant_value":"32767"},"type":{"constant_value":"ingress"}},"schema_version":2},{"address":"aws_security_group_rule.controlPlane_ingress_k8s_worker","mode":"managed","type":"aws_security_group_rule","name":"controlPlane_ingress_k8s_worker","provider_config_key":"aws","expressions":{"from_port":{"constant_value":"10249"},"protocol":{"constant_value":"TCP"},"security_group_id":{"references":["aws_security_group.controlPlane_sg.id","aws_security_group.controlPlane_sg"]},"source_security_group_id":{"references":["aws_security_group.worker_sg.id","aws_security_group.worker_sg"]},"to_port":{"constant_value":"10259"},"type":{"constant_value":"ingress"}},"schema_version":2},{"address":"aws_security_group_rule.controlPlane_ingress_openshift_sdn","mode":"managed","type":"aws_security_group_rule","name":"controlPlane_ingress_openshift_sdn","provider_config_key":"aws","expressions":{"from_port":{"constant_value":"10256"},"protocol":{"constant_value":"TCP"},"security_group_id":{"references":["aws_security_group.controlPlane_sg.id","aws_security_group.controlPlane_sg"]},"self":{"constant_value":true},"to_port":{"constant_value":"10256"},"type":{"constant_value":"ingress"}},"schema_version":2},{"address":"aws_security_group_rule.controlPlane_ingress_openshift_sdn_worker","mode":"managed","type":"aws_security_group_rule","name":"controlPlane_ingress_openshift_sdn_worker","provider_config_key":"aws","expressions":{"from_port":{"constant_value":"10256"},"protocol":{"constant_value":"TCP"},"security_group_id":{"references":["aws_security_group.controlPlane_sg.id","aws_security_group.controlPlane_sg"]},"source_security_group_id":{"references":["aws_security_group.worker_sg.id","aws_security_group.worker_sg"]},"to_port":{"constant_value":"10256"},"type":{"constant_value":"ingress"}},"schema_version":2},{"address":"aws_security_group_rule.controlPlane_ingress_services","mode":"managed","type":"aws_security_group_rule","name":"controlPlane_ingress_services","provider_config_key":"aws","expressions":{"cidr_blocks":{"references":["aws_vpc.vpc.cidr_block","aws_vpc.vpc"]},"from_port":{"constant_value":"22623"},"protocol":{"constant_value":"TCP"},"security_group_id":{"references":["aws_security_group.controlPlane_sg.id","aws_security_group.controlPlane_sg"]},"to_port":{"constant_value":"22623"},"type":{"constant_value":"ingress"}},"schema_version":2},{"address":"aws_security_group_rule.controlPlane_ingress_ssh_worker","mode":"managed","type":"aws_security_group_rule","name":"controlPlane_ingress_ssh_worker","provider_config_key":"aws","expressions":{"cidr_blocks":{"references":["aws_vpc.vpc.cidr_block","aws_vpc.vpc"]},"from_port":{"constant_value":"22"},"protocol":{"constant_value":"TCP"},"security_group_id":{"references":["aws_security_group.controlPlane_sg.id","aws_security_group.controlPlane_sg"]},"to_port":{"constant_value":"22"},"type":{"constant_value":"ingress"}},"schema_version":2},{"address":"aws_security_group_rule.controlPlane_ingress_vxlan_geneve","mode":"managed","type":"aws_security_group_rule","name":"controlPlane_ingress_vxlan_geneve","provider_config_key":"aws","expressions":{"from_port":{"constant_value":"4789"},"protocol":{"constant_value":"UDP"},"security_group_id":{"references":["aws_security_group.controlPlane_sg.id","aws_security_group.controlPlane_sg"]},"self":{"constant_value":true},"to_port":{"constant_value":"4789"},"type":{"constant_value":"ingress"}},"schema_version":2},{"address":"aws_security_group_rule.controlPlane_ingress_vxlan_geneve_2","mode":"managed","type":"aws_security_group_rule","name":"controlPlane_ingress_vxlan_geneve_2","provider_config_key":"aws","expressions":{"from_port":{"constant_value":"6081"},"protocol":{"constant_value":"UDP"},"security_group_id":{"references":["aws_security_group.controlPlane_sg.id","aws_security_group.controlPlane_sg"]},"self":{"constant_value":true},"to_port":{"constant_value":"6081"},"type":{"constant_value":"ingress"}},"schema_version":2},{"address":"aws_security_group_rule.controlPlane_ingress_vxlan_geneve_2_worker","mode":"managed","type":"aws_security_group_rule","name":"controlPlane_ingress_vxlan_geneve_2_worker","provider_config_key":"aws","expressions":{"from_port":{"constant_value":"6081"},"protocol":{"constant_value":"UDP"},"security_group_id":{"references":["aws_security_group.controlPlane_sg.id","aws_security_group.controlPlane_sg"]},"source_security_group_id":{"references":["aws_security_group.worker_sg.id","aws_security_group.worker_sg"]},"to_port":{"constant_value":"6081"},"type":{"constant_value":"ingress"}},"schema_version":2},{"address":"aws_security_group_rule.controlPlane_ingress_vxlan_geneve_worker","mode":"managed","type":"aws_security_group_rule","name":"controlPlane_ingress_vxlan_geneve_worker","provider_config_key":"aws","expressions":{"from_port":{"constant_value":"4789"},"protocol":{"constant_value":"UDP"},"security_group_id":{"references":["aws_security_group.controlPlane_sg.id","aws_security_group.controlPlane_sg"]},"source_security_group_id":{"references":["aws_security_group.worker_sg.id","aws_security_group.worker_sg"]},"to_port":{"constant_value":"4789"},"type":{"constant_value":"ingress"}},"schema_version":2},{"address":"aws_security_group_rule.worker_egress","mode":"managed","type":"aws_security_group_rule","name":"worker_egress","provider_config_key":"aws","expressions":{"cidr_blocks":{"constant_value":["0.0.0.0/0"]},"from_port":{"constant_value":"0"},"protocol":{"constant_value":"all"},"security_group_id":{"references":["aws_security_group.worker_sg.id","aws_security_group.worker_sg"]},"to_port":{"constant_value":"0"},"type":{"constant_value":"egress"}},"schema_version":2},{"address":"aws_security_group_rule.worker_ingress_HLS","mode":"managed","type":"aws_security_group_rule","name":"worker_ingress_HLS","provider_config_key":"aws","expressions":{"from_port":{"constant_value":"9000"},"protocol":{"constant_value":"TCP"},"security_group_id":{"references":["aws_security_group.worker_sg.id","aws_security_group.worker_sg"]},"self":{"constant_value":true},"to_port":{"constant_value":"9999"},"type":{"constant_value":"ingress"}},"schema_version":2},{"address":"aws_security_group_rule.worker_ingress_HLS_UDP","mode":"managed","type":"aws_security_group_rule","name":"worker_ingress_HLS_UDP","provider_config_key":"aws","expressions":{"from_port":{"constant_value":"9000"},"protocol":{"constant_value":"UDP"},"security_group_id":{"references":["aws_security_group.worker_sg.id","aws_security_group.worker_sg"]},"self":{"constant_value":true},"to_port":{"constant_value":"9999"},"type":{"constant_value":"ingress"}},"schema_version":2},{"address":"aws_security_group_rule.worker_ingress_HLS_UDP_controlPlane","mode":"managed","type":"aws_security_group_rule","name":"worker_ingress_HLS_UDP_controlPlane","provider_config_key":"aws","expressions":{"from_port":{"constant_value":"9000"},"protocol":{"constant_value":"UDP"},"security_group_id":{"references":["aws_security_group.worker_sg.id","aws_security_group.worker_sg"]},"source_security_group_id":{"references":["aws_security_group.controlPlane_sg.id","aws_security_group.controlPlane_sg"]},"to_port":{"constant_value":"9999"},"type":{"constant_value":"ingress"}},"schema_version":2},{"address":"aws_security_group_rule.worker_ingress_HLS_controlPlane","mode":"managed","type":"aws_security_group_rule","name":"worker_ingress_HLS_controlPlane","provider_config_key":"aws","expressions":{"from_port":{"constant_value":"9000"},"protocol":{"constant_value":"TCP"},"security_group_id":{"references":["aws_security_group.worker_sg.id","aws_security_group.worker_sg"]},"source_security_group_id":{"references":["aws_security_group.controlPlane_sg.id","aws_security_group.controlPlane_sg"]},"to_port":{"constant_value":"9999"},"type":{"constant_value":"ingress"}},"schema_version":2},{"address":"aws_security_group_rule.worker_ingress_api","mode":"managed","type":"aws_security_group_rule","name":"worker_ingress_api","provider_config_key":"aws","expressions":{"cidr_blocks":{"references":["aws_vpc.vpc.cidr_block","aws_vpc.vpc"]},"from_port":{"constant_value":"6443"},"protocol":{"constant_value":"TCP"},"security_group_id":{"references":["aws_security_group.worker_sg.id","aws_security_group.worker_sg"]},"to_port":{"constant_value":"6443"},"type":{"constant_value":"ingress"}},"schema_version":2},{"address":"aws_security_group_rule.worker_ingress_etcd","mode":"managed","type":"aws_security_group_rule","name":"worker_ingress_etcd","provider_config_key":"aws","expressions":{"from_port":{"constant_value":"2379"},"protocol":{"constant_value":"TCP"},"security_group_id":{"references":["aws_security_group.worker_sg.id","aws_security_group.worker_sg"]},"self":{"constant_value":true},"to_port":{"constant_value":"2380"},"type":{"constant_value":"ingress"}},"schema_version":2},{"address":"aws_security_group_rule.worker_ingress_etcd_controlPlane","mode":"managed","type":"aws_security_group_rule","name":"worker_ingress_etcd_controlPlane","provider_config_key":"aws","expressions":{"from_port":{"constant_value":"2379"},"protocol":{"constant_value":"TCP"},"security_group_id":{"references":["aws_security_group.worker_sg.id","aws_security_group.worker_sg"]},"source_security_group_id":{"references":["aws_security_group.controlPlane_sg.id","aws_security_group.controlPlane_sg"]},"to_port":{"constant_value":"2380"},"type":{"constant_value":"ingress"}},"schema_version":2},{"address":"aws_security_group_rule.worker_ingress_k8s","mode":"managed","type":"aws_security_group_rule","name":"worker_ingress_k8s","provider_config_key":"aws","expressions":{"from_port":{"constant_value":"10249"},"protocol":{"constant_value":"TCP"},"security_group_id":{"references":["aws_security_group.worker_sg.id","aws_security_group.worker_sg"]},"self":{"constant_value":true},"to_port":{"constant_value":"10259"},"type":{"constant_value":"ingress"}},"schema_version":2},{"address":"aws_security_group_rule.worker_ingress_k8s_controlPlane","mode":"managed","type":"aws_security_group_rule","name":"worker_ingress_k8s_controlPlane","provider_config_key":"aws","expressions":{"from_port":{"constant_value":"10249"},"protocol":{"constant_value":"TCP"},"security_group_id":{"references":["aws_security_group.worker_sg.id","aws_security_group.worker_sg"]},"source_security_group_id":{"references":["aws_security_group.controlPlane_sg.id","aws_security_group.controlPlane_sg"]},"to_port":{"constant_value":"10259"},"type":{"constant_value":"ingress"}},"schema_version":2},{"address":"aws_security_group_rule.worker_ingress_k8s_nodePort","mode":"managed","type":"aws_security_group_rule","name":"worker_ingress_k8s_nodePort","provider_config_key":"aws","expressions":{"from_port":{"constant_value":"30000"},"protocol":{"constant_value":"UDP"},"security_group_id":{"references":["aws_security_group.worker_sg.id","aws_security_group.worker_sg"]},"self":{"constant_value":true},"to_port":{"constant_value":"32767"},"type":{"constant_value":"ingress"}},"schema_version":2},{"address":"aws_security_group_rule.worker_ingress_k8s_nodePort_controlPlane","mode":"managed","type":"aws_security_group_rule","name":"worker_ingress_k8s_nodePort_controlPlane","provider_config_key":"aws","expressions":{"from_port":{"constant_value":"30000"},"protocol":{"constant_value":"UDP"},"security_group_id":{"references":["aws_security_group.worker_sg.id","aws_security_group.worker_sg"]},"source_security_group_id":{"references":["aws_security_group.controlPlane_sg.id","aws_security_group.controlPlane_sg"]},"to_port":{"constant_value":"32767"},"type":{"constant_value":"ingress"}},"schema_version":2},{"address":"aws_security_group_rule.worker_ingress_openshift_sdn","mode":"managed","type":"aws_security_group_rule","name":"worker_ingress_openshift_sdn","provider_config_key":"aws","expressions":{"from_port":{"constant_value":"10256"},"protocol":{"constant_value":"TCP"},"security_group_id":{"references":["aws_security_group.worker_sg.id","aws_security_group.worker_sg"]},"self":{"constant_value":true},"to_port":{"constant_value":"10256"},"type":{"constant_value":"ingress"}},"schema_version":2},{"address":"aws_security_group_rule.worker_ingress_openshift_sdn_controlPlane","mode":"managed","type":"aws_security_group_rule","name":"worker_ingress_openshift_sdn_controlPlane","provider_config_key":"aws","expressions":{"from_port":{"constant_value":"10256"},"protocol":{"constant_value":"TCP"},"security_group_id":{"references":["aws_security_group.worker_sg.id","aws_security_group.worker_sg"]},"source_security_group_id":{"references":["aws_security_group.controlPlane_sg.id","aws_security_group.controlPlane_sg"]},"to_port":{"constant_value":"10256"},"type":{"constant_value":"ingress"}},"schema_version":2},{"address":"aws_security_group_rule.worker_ingress_services","mode":"managed","type":"aws_security_group_rule","name":"worker_ingress_services","provider_config_key":"aws","expressions":{"cidr_blocks":{"references":["aws_vpc.vpc.cidr_block","aws_vpc.vpc"]},"from_port":{"constant_value":"22623"},"protocol":{"constant_value":"TCP"},"security_group_id":{"references":["aws_security_group.worker_sg.id","aws_security_group.worker_sg"]},"to_port":{"constant_value":"22623"},"type":{"constant_value":"ingress"}},"schema_version":2},{"address":"aws_security_group_rule.worker_ingress_ssh_controlPlane","mode":"managed","type":"aws_security_group_rule","name":"worker_ingress_ssh_controlPlane","provider_config_key":"aws","expressions":{"cidr_blocks":{"references":["aws_vpc.vpc.cidr_block","aws_vpc.vpc"]},"from_port":{"constant_value":"22"},"protocol":{"constant_value":"TCP"},"security_group_id":{"references":["aws_security_group.worker_sg.id","aws_security_group.worker_sg"]},"to_port":{"constant_value":"22"},"type":{"constant_value":"ingress"}},"schema_version":2},{"address":"aws_security_group_rule.worker_ingress_vxlan_geneve","mode":"managed","type":"aws_security_group_rule","name":"worker_ingress_vxlan_geneve","provider_config_key":"aws","expressions":{"from_port":{"constant_value":"4789"},"protocol":{"constant_value":"UDP"},"security_group_id":{"references":["aws_security_group.worker_sg.id","aws_security_group.worker_sg"]},"self":{"constant_value":true},"to_port":{"constant_value":"4789"},"type":{"constant_value":"ingress"}},"schema_version":2},{"address":"aws_security_group_rule.worker_ingress_vxlan_geneve_2","mode":"managed","type":"aws_security_group_rule","name":"worker_ingress_vxlan_geneve_2","provider_config_key":"aws","expressions":{"from_port":{"constant_value":"6081"},"protocol":{"constant_value":"UDP"},"security_group_id":{"references":["aws_security_group.worker_sg.id","aws_security_group.worker_sg"]},"self":{"constant_value":true},"to_port":{"constant_value":"6081"},"type":{"constant_value":"ingress"}},"schema_version":2},{"address":"aws_security_group_rule.worker_ingress_vxlan_geneve_2_controlPlane","mode":"managed","type":"aws_security_group_rule","name":"worker_ingress_vxlan_geneve_2_controlPlane","provider_config_key":"aws","expressions":{"from_port":{"constant_value":"6081"},"protocol":{"constant_value":"UDP"},"security_group_id":{"references":["aws_security_group.worker_sg.id","aws_security_group.worker_sg"]},"source_security_group_id":{"references":["aws_security_group.controlPlane_sg.id","aws_security_group.controlPlane_sg"]},"to_port":{"constant_value":"6081"},"type":{"constant_value":"ingress"}},"schema_version":2},{"address":"aws_security_group_rule.worker_ingress_vxlan_geneve_controlPlane","mode":"managed","type":"aws_security_group_rule","name":"worker_ingress_vxlan_geneve_controlPlane","provider_config_key":"aws","expressions":{"from_port":{"constant_value":"4789"},"protocol":{"constant_value":"UDP"},"security_group_id":{"references":["aws_security_group.worker_sg.id","aws_security_group.worker_sg"]},"source_security_group_id":{"references":["aws_security_group.controlPlane_sg.id","aws_security_group.controlPlane_sg"]},"to_port":{"constant_value":"4789"},"type":{"constant_value":"ingress"}},"schema_version":2},{"address":"aws_subnet.private","mode":"managed","type":"aws_subnet","name":"private","provider_config_key":"aws","expressions":{"availability_zone":{"references":["var.region","each.value"]},"cidr_block":{"references":["local.private_cidr_range","var.availability_zones","each.value"]},"tags":{"references":["var.cluster_name","each.value","var.tags"]},"vpc_id":{"references":["aws_vpc.vpc.id","aws_vpc.vpc"]}},"schema_version":1,"for_each_expression":{"references":["local.az_set"]}},{"address":"aws_subnet.public","mode":"managed","type":"aws_subnet","name":"public","provider_config_key":"aws","expressions":{"availability_zone":{"references":["var.region","each.value"]},"cidr_block":{"references":["local.public_cidr_range","var.availability_zones","each.value"]},"tags":{"references":["var.cluster_name","each.value","var.tags"]},"vpc_id":{"references":["aws_vpc.vpc.id","aws_vpc.vpc"]}},"schema_version":1,"for_each_expression":{"references":["local.az_set"]}},{"address":"aws_vpc.vpc","mode":"managed","type":"aws_vpc","name":"vpc","provider_config_key":"aws","expressions":{"cidr_block":{"references":["var.vpc_cidr_block"]},"enable_dns_hostnames":{"constant_value":true},"enable_dns_support":{"constant_value":true},"tags":{"references":["var.cluster_name","var.tags"]}},"schema_version":1}],"variables":{"availability_zones":{},"cluster_name":{},"private_subnets":{"default":null},"public_subnets":{"default":null},"region":{},"tags":{},"vpc_cidr_block":{}}}}},"variables":{"amis":{"default":{"ap-northeast-1":"ami-0bf6f5f209e5e041a","ap-northeast-2":"ami-03ae1c65102605f45","ap-south-1":"ami-0cb6afbddc63fc2df","ap-southeast-1":"ami-0d506839070dc244b","ap-southeast-2":"ami-085848fd4435c94ec","ca-central-1":"ami-01b36924502c16d0a","eu-central-1":"ami-018420f426fa235e6","eu-north-1":"ami-0d787e8fe2b42f20c","eu-west-1":"ami-0123a5183598a0ac4","eu-west-2":"ami-005192895e65f27d0","eu-west-3":"ami-00a1b0be594a38046","me-south-1":"ami-085f10932087a3c29","sa-east-1":"ami-0f8a6a6d76d7870b8","us-east-1":"ami-0c027d6d0a8882303","us-east-2":"ami-0a8ba019bc9d4bd64","us-west-1":"ami-03d44b77bad14081c","us-west-2":"ami-0247e06438c49143e"}},"availability_zones":{"default":["a","b","c"]},"base_domain":{"default":"apoti.tech"},"bootstrap":{"default":{"instance_type":"i3.large"}},"cluster_name":{"default":"apoti_cluster"},"control_plane":{"default":{"instance_type":"m4.large"}},"openshift_version":{"default":"4.2"},"region":{"default":"us-east-1"},"tags":{"default":{}},"vpc_cidr_block":{"default":"10.0.0.0/16"},"worker":{"default":{"instance_type":"m4.large"}}}}},"relevant_attributes":[{"resource":"module.vpc.aws_route_table.private_rt","attribute":[]},{"resource":"tls_private_key.ocp4_installer","attribute":["public_key_openssh"]},{"resource":"module.vpc.aws_vpc.vpc","attribute":["cidr_block"]},{"resource":"module.vpc.aws_eip.nat_eip","attribute":[]},{"resource":"aws_key_pair.ocp4_installer_aws","attribute":[]},{"resource":"module.vpc.aws_subnet.public","attribute":[]},{"resource":"module.vpc.aws_security_group.controlPlane_sg","attribute":["id"]},{"resource":"module.vpc.aws_lb.external_api","attribute":["arn"]},{"resource":"module.vpc.aws_lb.internal_api","attribute":["arn"]},{"resource":"module.vpc.aws_lb_target_group.external_api","attribute":["arn"]},{"resource":"module.vpc.aws_lb_target_group.internal_services","attribute":["arn"]},{"resource":"random_string.random","attribute":["result"]},{"resource":"module.vpc.aws_vpc.vpc","attribute":["id"]},{"resource":"module.vpc.aws_security_group.worker_sg","attribute":["id"]},{"resource":"module.vpc.aws_nat_gateway.subnet_nat_gateway","attribute":[]},{"resource":"module.vpc.aws_lb_target_group.internal_api","attribute":["arn"]},{"resource":"module.vpc.aws_route_table.default","attribute":["id"]},{"resource":"module.vpc.aws_internet_gateway.cluster_igw","attribute":["id"]},{"resource":"module.vpc.aws_subnet.private","attribute":[]}],"timestamp":"2024-03-13T03:11:32Z","errored":false}
